Microsoft Visual Studio Solution File, Format Version 12.00
# Visual Studio Version 17
VisualStudioVersion = 17.8.34511.84
MinimumVisualStudioVersion = 15.0.26124.0
Project("{2150E333-8FDC-42A3-9474-1A3956D46DE8}") = "app", "app", "{A215DB22-0E27-4375-9C69-D778C515EB50}"
EndProject
Project("{9A19103F-16F7-4668-BE54-9A1E7A4F7556}") = "CrudGenerator.App.Wpf", "app\CrudGenerator.App.Wpf\CrudGenerator.App.Wpf.csproj", "{7627FCCB-4565-4018-AF36-B02F56291F11}"
EndProject
Project("{930C7802-8A8C-48F9-8165-68863BCCD9DD}") = "CrudGenerator.App.Wpf.WixInstaller.net462", "app\CrudGenerator.App.Wpf.WixInstaller.net462\CrudGenerator.App.Wpf.WixInstaller.net462.wixproj", "{657034AC-DF65-4800-9348-212A6140DDD4}"
	ProjectSection(ProjectDependencies) = postProject
		{7627FCCB-4565-4018-AF36-B02F56291F11} = {7627FCCB-4565-4018-AF36-B02F56291F11}
	EndProjectSection
EndProject
Project("{2150E333-8FDC-42A3-9474-1A3956D46DE8}") = "external", "external", "{02EA681E-C7D8-13C7-8484-4AC65E1B71E8}"
EndProject
Project("{FAE04EC0-301F-11D3-BF4B-00C04F79EFBC}") = "CrudGenerator.Core", "CrudGenerator\src\CrudGenerator.Core\CrudGenerator.Core.csproj", "{C673951A-9C2F-E077-3EEB-2D0B7BEE2D21}"
EndProject
Project("{FAE04EC0-301F-11D3-BF4B-00C04F79EFBC}") = "CrudGenerator.Core.Wpf", "CrudGenerator\src\CrudGenerator.Core.Wpf\CrudGenerator.Core.Wpf.csproj", "{28831BC4-765C-B32F-6BCB-DD3CF4341231}"
EndProject
Project("{2150E333-8FDC-42A3-9474-1A3956D46DE8}") = "Crud", "Crud", "{F7667C6D-3111-4ECB-B40E-709767710919}"
EndProject
Project("{2150E333-8FDC-42A3-9474-1A3956D46DE8}") = "Domain", "Domain", "{251EB182-62D8-42B2-9904-5996FB66F9A1}"
EndProject
Project("{FAE04EC0-301F-11D3-BF4B-00C04F79EFBC}") = "Domain.Application", "CrudGenerator\SubModules\Crud\SubModules\Domain\src\Domain.Application\Domain.Application.csproj", "{1A8FA52A-BA5A-9578-DF2A-A84BA1550186}"
EndProject
Project("{FAE04EC0-301F-11D3-BF4B-00C04F79EFBC}") = "Domain.Database", "CrudGenerator\SubModules\Crud\SubModules\Domain\src\Domain.Database\Domain.Database.csproj", "{D8F908FA-B0E7-84C1-A2A0-90A6DD7F9325}"
EndProject
Project("{FAE04EC0-301F-11D3-BF4B-00C04F79EFBC}") = "Domain.Infrastructure", "CrudGenerator\SubModules\Crud\SubModules\Domain\src\Domain.Infrastructure\Domain.Infrastructure.csproj", "{0DE2576C-95A1-36D4-8FCA-06AC7802BEA1}"
EndProject
Project("{FAE04EC0-301F-11D3-BF4B-00C04F79EFBC}") = "Domain.Model", "CrudGenerator\SubModules\Crud\SubModules\Domain\src\Domain.Model\Domain.Model.csproj", "{B773942D-F8BB-525D-260D-84C70A8DE1BB}"
EndProject
Project("{2150E333-8FDC-42A3-9474-1A3956D46DE8}") = "Database", "Database", "{926B79B9-46A5-46FE-9A9B-BE7598E21AD1}"
EndProject
Project("{2150E333-8FDC-42A3-9474-1A3956D46DE8}") = "Serialization", "Serialization", "{9D3241F6-2221-4353-BDA7-31DD0D205486}"
EndProject
Project("{FAE04EC0-301F-11D3-BF4B-00C04F79EFBC}") = "Framework", "CrudGenerator\SubModules\Crud\SubModules\Domain\Database\DependencyInversion\Framework\Framework.csproj", "{FB11B550-02D7-F48E-9BB8-C5F39AD3A08E}"
EndProject
Project("{FAE04EC0-301F-11D3-BF4B-00C04F79EFBC}") = "DependencyInversion", "CrudGenerator\SubModules\Crud\SubModules\Domain\Database\DependencyInversion\src\DependencyInversion\DependencyInversion.csproj", "{34DCE76C-6DBF-CF17-4963-9FD10AEC6A44}"
EndProject
Project("{FAE04EC0-301F-11D3-BF4B-00C04F79EFBC}") = "Database", "CrudGenerator\SubModules\Crud\SubModules\Domain\Database\src\Database\Database.csproj", "{33EAF60C-A443-C4FE-FDC5-4E492909F184}"
EndProject
Project("{FAE04EC0-301F-11D3-BF4B-00C04F79EFBC}") = "Database.MySql", "CrudGenerator\SubModules\Crud\SubModules\Domain\Database\src\Database.MySql\Database.MySql.csproj", "{D545B8AA-3ED2-453C-93C2-EE5169D1B162}"
EndProject
Project("{FAE04EC0-301F-11D3-BF4B-00C04F79EFBC}") = "Database.PostgreSql", "CrudGenerator\SubModules\Crud\SubModules\Domain\Database\src\Database.PostgreSql\Database.PostgreSql.csproj", "{E432B700-B5BE-C66D-8F8A-0EF19692647B}"
EndProject
Project("{FAE04EC0-301F-11D3-BF4B-00C04F79EFBC}") = "Database.Sqlite", "CrudGenerator\SubModules\Crud\SubModules\Domain\Database\src\Database.Sqlite\Database.Sqlite.csproj", "{58EBF24A-D3B4-3173-4597-7EF7669B3E1C}"
EndProject
Project("{FAE04EC0-301F-11D3-BF4B-00C04F79EFBC}") = "Database.SqlServer", "CrudGenerator\SubModules\Crud\SubModules\Domain\Database\src\Database.SqlServer\Database.SqlServer.csproj", "{8E5BF288-73D3-1E54-DC8D-8501E47A742D}"
EndProject
Project("{FAE04EC0-301F-11D3-BF4B-00C04F79EFBC}") = "Framework", "CrudGenerator\SubModules\Crud\SubModules\Domain\Serialization\DependencyInversion\Framework\Framework.csproj", "{5971707D-766A-AAEC-E822-5E5C4065D841}"
EndProject
Project("{FAE04EC0-301F-11D3-BF4B-00C04F79EFBC}") = "DependencyInversion", "CrudGenerator\SubModules\Crud\SubModules\Domain\Serialization\DependencyInversion\src\DependencyInversion\DependencyInversion.csproj", "{A32E18B3-5635-0E0A-43E5-B39404A6D28A}"
EndProject
Project("{FAE04EC0-301F-11D3-BF4B-00C04F79EFBC}") = "Serialization", "CrudGenerator\SubModules\Crud\SubModules\Domain\Serialization\src\Serialization\Serialization.csproj", "{2AEDBD67-3CAF-46AE-534B-9E3F1308AB60}"
EndProject
Project("{FAE04EC0-301F-11D3-BF4B-00C04F79EFBC}") = "Serialization.BinarySlim", "CrudGenerator\SubModules\Crud\SubModules\Domain\Serialization\src\Serialization.BinarySlim\Serialization.BinarySlim.csproj", "{D198B23C-CC80-5565-A18F-9F4E2B2245A9}"
EndProject
Project("{FAE04EC0-301F-11D3-BF4B-00C04F79EFBC}") = "Serialization.Json", "CrudGenerator\SubModules\Crud\SubModules\Domain\Serialization\src\Serialization.Json\Serialization.Json.csproj", "{1B53A0E1-26F4-6D41-B4FB-4FBE94AC0D30}"
EndProject
Project("{2150E333-8FDC-42A3-9474-1A3956D46DE8}") = "View", "View", "{50482797-E14D-4B7F-BB6E-CC0D3D5B5187}"
EndProject
Project("{FAE04EC0-301F-11D3-BF4B-00C04F79EFBC}") = "View.Abstractions", "CrudGenerator\SubModules\Crud\SubModules\View\Abstractions\src\View.Abstractions\View.Abstractions.csproj", "{7449DC43-205F-E668-2D2F-5B7F48E09D37}"
EndProject
Project("{FAE04EC0-301F-11D3-BF4B-00C04F79EFBC}") = "View.Abstractions.Wpf", "CrudGenerator\SubModules\Crud\SubModules\View\Abstractions\src\View.Abstractions.Wpf\View.Abstractions.Wpf.csproj", "{20522950-6162-318C-6E47-7AEA29182465}"
EndProject
Project("{FAE04EC0-301F-11D3-BF4B-00C04F79EFBC}") = "View.Components", "CrudGenerator\SubModules\Crud\SubModules\View\Components\src\View.Components\View.Components.csproj", "{E239A98D-382C-94EE-B893-610A6EE10412}"
EndProject
Project("{FAE04EC0-301F-11D3-BF4B-00C04F79EFBC}") = "View.Components.Wpf", "CrudGenerator\SubModules\Crud\SubModules\View\Components\src\View.Components.Wpf\View.Components.Wpf.csproj", "{636CA049-2B16-2EAE-138E-2635CA8BFB46}"
EndProject
Project("{FAE04EC0-301F-11D3-BF4B-00C04F79EFBC}") = "View.Database", "CrudGenerator\SubModules\Crud\SubModules\View\Database\src\View.Database\View.Database.csproj", "{A11567A2-874F-7C63-4BC7-79558CC003EC}"
EndProject
Project("{FAE04EC0-301F-11D3-BF4B-00C04F79EFBC}") = "View.Database.Wpf", "CrudGenerator\SubModules\Crud\SubModules\View\Database\src\View.Database.Wpf\View.Database.Wpf.csproj", "{519AD86F-C8F9-C01E-E7E9-BD9E654B69E7}"
EndProject
Project("{2150E333-8FDC-42A3-9474-1A3956D46DE8}") = "Database", "Database", "{5EB72567-6069-4D74-8013-59BC13DCD52D}"
EndProject
Project("{2150E333-8FDC-42A3-9474-1A3956D46DE8}") = "Serialization", "Serialization", "{BB43E206-9DA4-4B45-8011-4AAAFB034D48}"
EndProject
Project("{2150E333-8FDC-42A3-9474-1A3956D46DE8}") = "Xceed", "Xceed", "{5A307E2C-93FE-4A8F-8252-90BD6DB34511}"
EndProject
Project("{FAE04EC0-301F-11D3-BF4B-00C04F79EFBC}") = "Xceed.Wpf.AvalonDock", "CrudGenerator\SubModules\Crud\SubModules\View\SubModules\xceed-wpf\src\Xceed.Wpf.AvalonDock\Xceed.Wpf.AvalonDock.csproj", "{36008385-5A04-88B2-954F-38F1D68C1B96}"
EndProject
Project("{FAE04EC0-301F-11D3-BF4B-00C04F79EFBC}") = "Xceed.Wpf.AvalonDock.Themes.Aero", "CrudGenerator\SubModules\Crud\SubModules\View\SubModules\xceed-wpf\src\Xceed.Wpf.AvalonDock.Themes.Aero\Xceed.Wpf.AvalonDock.Themes.Aero.csproj", "{51A8F75D-C284-4AC1-C88E-79D170F95FA6}"
EndProject
Project("{FAE04EC0-301F-11D3-BF4B-00C04F79EFBC}") = "Xceed.Wpf.AvalonDock.Themes.Metro", "CrudGenerator\SubModules\Crud\SubModules\View\SubModules\xceed-wpf\src\Xceed.Wpf.AvalonDock.Themes.Metro\Xceed.Wpf.AvalonDock.Themes.Metro.csproj", "{E04696D2-6E6C-2D5C-5145-1E4A4B50600A}"
EndProject
Project("{FAE04EC0-301F-11D3-BF4B-00C04F79EFBC}") = "Xceed.Wpf.AvalonDock.Themes.VS2010", "CrudGenerator\SubModules\Crud\SubModules\View\SubModules\xceed-wpf\src\Xceed.Wpf.AvalonDock.Themes.VS2010\Xceed.Wpf.AvalonDock.Themes.VS2010.csproj", "{61E74E0C-2777-9E0E-B159-4C45A47EC48A}"
EndProject
Project("{FAE04EC0-301F-11D3-BF4B-00C04F79EFBC}") = "Xceed.Wpf.Toolkit", "CrudGenerator\SubModules\Crud\SubModules\View\SubModules\xceed-wpf\src\Xceed.Wpf.Toolkit\Xceed.Wpf.Toolkit.csproj", "{8D0656FF-CE68-737E-5D08-EFA309652024}"
EndProject
Project("{FAE04EC0-301F-11D3-BF4B-00C04F79EFBC}") = "Framework", "CrudGenerator\SubModules\Crud\SubModules\View\SubModules\Serialization\DependencyInversion\Framework\Framework.csproj", "{84F3856B-35AC-C4C6-3609-A288C5F05046}"
EndProject
Project("{FAE04EC0-301F-11D3-BF4B-00C04F79EFBC}") = "DependencyInversion", "CrudGenerator\SubModules\Crud\SubModules\View\SubModules\Serialization\DependencyInversion\src\DependencyInversion\DependencyInversion.csproj", "{E868F177-6652-376E-23B0-E42BB8EC7C12}"
EndProject
Project("{FAE04EC0-301F-11D3-BF4B-00C04F79EFBC}") = "Serialization", "CrudGenerator\SubModules\Crud\SubModules\View\SubModules\Serialization\src\Serialization\Serialization.csproj", "{B1FBB8D1-6262-6E2C-4916-4CDF285EFC31}"
EndProject
Project("{FAE04EC0-301F-11D3-BF4B-00C04F79EFBC}") = "Serialization.BinarySlim", "CrudGenerator\SubModules\Crud\SubModules\View\SubModules\Serialization\src\Serialization.BinarySlim\Serialization.BinarySlim.csproj", "{46DCA6F9-89D4-1E0F-CF65-2D9D918C95D8}"
EndProject
Project("{FAE04EC0-301F-11D3-BF4B-00C04F79EFBC}") = "Serialization.Json", "CrudGenerator\SubModules\Crud\SubModules\View\SubModules\Serialization\src\Serialization.Json\Serialization.Json.csproj", "{392695F5-E055-CF47-12BB-6F0DC15389EC}"
EndProject
Project("{FAE04EC0-301F-11D3-BF4B-00C04F79EFBC}") = "Framework", "CrudGenerator\SubModules\Crud\SubModules\View\SubModules\Database\DependencyInversion\Framework\Framework.csproj", "{6A117A2C-B1E1-F39B-E665-4E899150E841}"
EndProject
Project("{FAE04EC0-301F-11D3-BF4B-00C04F79EFBC}") = "DependencyInversion", "CrudGenerator\SubModules\Crud\SubModules\View\SubModules\Database\DependencyInversion\src\DependencyInversion\DependencyInversion.csproj", "{36EAB7CF-4A01-04F8-86F3-10680F5576DF}"
EndProject
Project("{FAE04EC0-301F-11D3-BF4B-00C04F79EFBC}") = "Database", "CrudGenerator\SubModules\Crud\SubModules\View\SubModules\Database\src\Database\Database.csproj", "{DE1C6F3F-24B4-1367-B1E8-DB701FE470B0}"
EndProject
Project("{FAE04EC0-301F-11D3-BF4B-00C04F79EFBC}") = "Database.MySql", "CrudGenerator\SubModules\Crud\SubModules\View\SubModules\Database\src\Database.MySql\Database.MySql.csproj", "{6FF58AAA-CDDF-75EE-9619-0085B97405B4}"
EndProject
Project("{FAE04EC0-301F-11D3-BF4B-00C04F79EFBC}") = "Database.PostgreSql", "CrudGenerator\SubModules\Crud\SubModules\View\SubModules\Database\src\Database.PostgreSql\Database.PostgreSql.csproj", "{9429B63C-98D4-E723-6BCD-6D26A89C91DB}"
EndProject
Project("{FAE04EC0-301F-11D3-BF4B-00C04F79EFBC}") = "Database.Sqlite", "CrudGenerator\SubModules\Crud\SubModules\View\SubModules\Database\src\Database.Sqlite\Database.Sqlite.csproj", "{F2AD4208-C18D-52C9-E8E5-92B31A8D3AF9}"
EndProject
Project("{FAE04EC0-301F-11D3-BF4B-00C04F79EFBC}") = "Database.SqlServer", "CrudGenerator\SubModules\Crud\SubModules\View\SubModules\Database\src\Database.SqlServer\Database.SqlServer.csproj", "{E1EE305A-4826-BB7F-9F0A-6581119B8B45}"
EndProject
Project("{FAE04EC0-301F-11D3-BF4B-00C04F79EFBC}") = "Crud.Abstractions.Application", "CrudGenerator\SubModules\Crud\src\Crud.Abstractions.Application\Crud.Abstractions.Application.csproj", "{6660C8B0-19E4-F425-3911-CE21F991AA5C}"
EndProject
Project("{FAE04EC0-301F-11D3-BF4B-00C04F79EFBC}") = "Crud.Abstractions.Presentation", "CrudGenerator\SubModules\Crud\src\Crud.Abstractions.Presentation\Crud.Abstractions.Presentation.csproj", "{87B9DE0F-A7E0-2AAA-9AD2-3CE754D2F126}"
EndProject
Project("{FAE04EC0-301F-11D3-BF4B-00C04F79EFBC}") = "Crud.Abstractions.Presentation.Wpf.Components", "CrudGenerator\SubModules\Crud\src\Wpf\Crud.Abstractions.Presentation.Wpf.Components\Crud.Abstractions.Presentation.Wpf.Components.csproj", "{93FF14A1-6AC7-6CBE-42DE-889A17A7A9B3}"
EndProject
Project("{FAE04EC0-301F-11D3-BF4B-00C04F79EFBC}") = "Crud.Abstractions.Presentation.Wpf.Views", "CrudGenerator\SubModules\Crud\src\Wpf\Crud.Abstractions.Presentation.Wpf.View\Crud.Abstractions.Presentation.Wpf.Views.csproj", "{7F042FCC-2C2E-3BE5-6AFC-620DC01DE84B}"
EndProject
Project("{B7DD6F7E-DEF8-4E67-B5B7-07EF123DB6F0}") = "CrudGenerator.App.Wpf.WixInstaller.net8.0-windows", "app\CrudGenerator.App.Wpf.WixInstaller.net8.0-windows\CrudGenerator.App.Wpf.WixInstaller.net8.0-windows.wixproj", "{DB126B78-6346-4DF4-9A56-6AB4A1C5CCF5}"
	ProjectSection(ProjectDependencies) = postProject
		{7627FCCB-4565-4018-AF36-B02F56291F11} = {7627FCCB-4565-4018-AF36-B02F56291F11}
	EndProjectSection
EndProject
Project("{B7DD6F7E-DEF8-4E67-B5B7-07EF123DB6F0}") = "CrudGenerator.App.Wpf.WixInstaller.net9.0-windows", "app\CrudGenerator.App.Wpf.WixInstaller.net9.0-windows\CrudGenerator.App.Wpf.WixInstaller.net9.0-windows.wixproj", "{31DED21D-4745-97CD-85CA-346A2B11CFE8}"
	ProjectSection(ProjectDependencies) = postProject
		{7627FCCB-4565-4018-AF36-B02F56291F11} = {7627FCCB-4565-4018-AF36-B02F56291F11}
	EndProjectSection
EndProject
Project("{FAE04EC0-301F-11D3-BF4B-00C04F79EFBC}") = "Xceed.Wpf.AvalonDock.Themes.Expression", "CrudGenerator\SubModules\Crud\SubModules\View\SubModules\xceed-wpf\src\Xceed.Wpf.AvalonDock.Themes.Expression\Xceed.Wpf.AvalonDock.Themes.Expression.csproj", "{E80FC086-E722-2F3D-D701-7D24E218F65F}"
EndProject
Global
	GlobalSection(SolutionConfigurationPlatforms) = preSolution
		Debug|Any CPU = Debug|Any CPU
		Debug|ARM64 = Debug|ARM64
		Debug|x64 = Debug|x64
		Debug|x86 = Debug|x86
		Release|Any CPU = Release|Any CPU
		Release|ARM64 = Release|ARM64
		Release|x64 = Release|x64
		Release|x86 = Release|x86
	EndGlobalSection
	GlobalSection(ProjectConfigurationPlatforms) = postSolution
		{7627FCCB-4565-4018-AF36-B02F56291F11}.Debug|Any CPU.ActiveCfg = Debug|Any CPU
		{7627FCCB-4565-4018-AF36-B02F56291F11}.Debug|Any CPU.Build.0 = Debug|Any CPU
		{7627FCCB-4565-4018-AF36-B02F56291F11}.Debug|ARM64.ActiveCfg = Debug|Any CPU
		{7627FCCB-4565-4018-AF36-B02F56291F11}.Debug|ARM64.Build.0 = Debug|Any CPU
		{7627FCCB-4565-4018-AF36-B02F56291F11}.Debug|x64.ActiveCfg = Debug|Any CPU
		{7627FCCB-4565-4018-AF36-B02F56291F11}.Debug|x64.Build.0 = Debug|Any CPU
		{7627FCCB-4565-4018-AF36-B02F56291F11}.Debug|x86.ActiveCfg = Debug|Any CPU
		{7627FCCB-4565-4018-AF36-B02F56291F11}.Debug|x86.Build.0 = Debug|Any CPU
		{7627FCCB-4565-4018-AF36-B02F56291F11}.Release|Any CPU.ActiveCfg = Release|Any CPU
		{7627FCCB-4565-4018-AF36-B02F56291F11}.Release|Any CPU.Build.0 = Release|Any CPU
		{7627FCCB-4565-4018-AF36-B02F56291F11}.Release|ARM64.ActiveCfg = Release|Any CPU
		{7627FCCB-4565-4018-AF36-B02F56291F11}.Release|ARM64.Build.0 = Release|Any CPU
		{7627FCCB-4565-4018-AF36-B02F56291F11}.Release|x64.ActiveCfg = Release|Any CPU
		{7627FCCB-4565-4018-AF36-B02F56291F11}.Release|x64.Build.0 = Release|Any CPU
		{7627FCCB-4565-4018-AF36-B02F56291F11}.Release|x86.ActiveCfg = Release|Any CPU
		{7627FCCB-4565-4018-AF36-B02F56291F11}.Release|x86.Build.0 = Release|Any CPU
		{657034AC-DF65-4800-9348-212A6140DDD4}.Debug|Any CPU.ActiveCfg = Debug|x86
		{657034AC-DF65-4800-9348-212A6140DDD4}.Debug|Any CPU.Build.0 = Debug|x86
		{657034AC-DF65-4800-9348-212A6140DDD4}.Debug|ARM64.ActiveCfg = Debug|x86
		{657034AC-DF65-4800-9348-212A6140DDD4}.Debug|ARM64.Build.0 = Debug|x86
		{657034AC-DF65-4800-9348-212A6140DDD4}.Debug|x64.ActiveCfg = Debug|x86
		{657034AC-DF65-4800-9348-212A6140DDD4}.Debug|x64.Build.0 = Debug|x86
		{657034AC-DF65-4800-9348-212A6140DDD4}.Debug|x86.ActiveCfg = Debug|x86
		{657034AC-DF65-4800-9348-212A6140DDD4}.Debug|x86.Build.0 = Debug|x86
		{657034AC-DF65-4800-9348-212A6140DDD4}.Release|Any CPU.ActiveCfg = Release|x86
		{657034AC-DF65-4800-9348-212A6140DDD4}.Release|Any CPU.Build.0 = Release|x86
		{657034AC-DF65-4800-9348-212A6140DDD4}.Release|ARM64.ActiveCfg = Release|x86
		{657034AC-DF65-4800-9348-212A6140DDD4}.Release|ARM64.Build.0 = Release|x86
		{657034AC-DF65-4800-9348-212A6140DDD4}.Release|x64.ActiveCfg = Release|x86
		{657034AC-DF65-4800-9348-212A6140DDD4}.Release|x64.Build.0 = Release|x86
		{657034AC-DF65-4800-9348-212A6140DDD4}.Release|x86.ActiveCfg = Release|x86
		{657034AC-DF65-4800-9348-212A6140DDD4}.Release|x86.Build.0 = Release|x86
		{C673951A-9C2F-E077-3EEB-2D0B7BEE2D21}.Debug|Any CPU.ActiveCfg = Debug|Any CPU
		{C673951A-9C2F-E077-3EEB-2D0B7BEE2D21}.Debug|Any CPU.Build.0 = Debug|Any CPU
		{C673951A-9C2F-E077-3EEB-2D0B7BEE2D21}.Debug|ARM64.ActiveCfg = Debug|Any CPU
		{C673951A-9C2F-E077-3EEB-2D0B7BEE2D21}.Debug|ARM64.Build.0 = Debug|Any CPU
		{C673951A-9C2F-E077-3EEB-2D0B7BEE2D21}.Debug|x64.ActiveCfg = Debug|Any CPU
		{C673951A-9C2F-E077-3EEB-2D0B7BEE2D21}.Debug|x64.Build.0 = Debug|Any CPU
		{C673951A-9C2F-E077-3EEB-2D0B7BEE2D21}.Debug|x86.ActiveCfg = Debug|Any CPU
		{C673951A-9C2F-E077-3EEB-2D0B7BEE2D21}.Debug|x86.Build.0 = Debug|Any CPU
		{C673951A-9C2F-E077-3EEB-2D0B7BEE2D21}.Release|Any CPU.ActiveCfg = Release|Any CPU
		{C673951A-9C2F-E077-3EEB-2D0B7BEE2D21}.Release|Any CPU.Build.0 = Release|Any CPU
		{C673951A-9C2F-E077-3EEB-2D0B7BEE2D21}.Release|ARM64.ActiveCfg = Release|Any CPU
		{C673951A-9C2F-E077-3EEB-2D0B7BEE2D21}.Release|ARM64.Build.0 = Release|Any CPU
		{C673951A-9C2F-E077-3EEB-2D0B7BEE2D21}.Release|x64.ActiveCfg = Release|Any CPU
		{C673951A-9C2F-E077-3EEB-2D0B7BEE2D21}.Release|x64.Build.0 = Release|Any CPU
		{C673951A-9C2F-E077-3EEB-2D0B7BEE2D21}.Release|x86.ActiveCfg = Release|Any CPU
		{C673951A-9C2F-E077-3EEB-2D0B7BEE2D21}.Release|x86.Build.0 = Release|Any CPU
		{28831BC4-765C-B32F-6BCB-DD3CF4341231}.Debug|Any CPU.ActiveCfg = Debug|Any CPU
		{28831BC4-765C-B32F-6BCB-DD3CF4341231}.Debug|Any CPU.Build.0 = Debug|Any CPU
		{28831BC4-765C-B32F-6BCB-DD3CF4341231}.Debug|ARM64.ActiveCfg = Debug|Any CPU
		{28831BC4-765C-B32F-6BCB-DD3CF4341231}.Debug|ARM64.Build.0 = Debug|Any CPU
		{28831BC4-765C-B32F-6BCB-DD3CF4341231}.Debug|x64.ActiveCfg = Debug|Any CPU
		{28831BC4-765C-B32F-6BCB-DD3CF4341231}.Debug|x64.Build.0 = Debug|Any CPU
		{28831BC4-765C-B32F-6BCB-DD3CF4341231}.Debug|x86.ActiveCfg = Debug|Any CPU
		{28831BC4-765C-B32F-6BCB-DD3CF4341231}.Debug|x86.Build.0 = Debug|Any CPU
		{28831BC4-765C-B32F-6BCB-DD3CF4341231}.Release|Any CPU.ActiveCfg = Release|Any CPU
		{28831BC4-765C-B32F-6BCB-DD3CF4341231}.Release|Any CPU.Build.0 = Release|Any CPU
		{28831BC4-765C-B32F-6BCB-DD3CF4341231}.Release|ARM64.ActiveCfg = Release|Any CPU
		{28831BC4-765C-B32F-6BCB-DD3CF4341231}.Release|ARM64.Build.0 = Release|Any CPU
		{28831BC4-765C-B32F-6BCB-DD3CF4341231}.Release|x64.ActiveCfg = Release|Any CPU
		{28831BC4-765C-B32F-6BCB-DD3CF4341231}.Release|x64.Build.0 = Release|Any CPU
		{28831BC4-765C-B32F-6BCB-DD3CF4341231}.Release|x86.ActiveCfg = Release|Any CPU
		{28831BC4-765C-B32F-6BCB-DD3CF4341231}.Release|x86.Build.0 = Release|Any CPU
		{1A8FA52A-BA5A-9578-DF2A-A84BA1550186}.Debug|Any CPU.ActiveCfg = Debug|Any CPU
		{1A8FA52A-BA5A-9578-DF2A-A84BA1550186}.Debug|Any CPU.Build.0 = Debug|Any CPU
		{1A8FA52A-BA5A-9578-DF2A-A84BA1550186}.Debug|ARM64.ActiveCfg = Debug|Any CPU
		{1A8FA52A-BA5A-9578-DF2A-A84BA1550186}.Debug|ARM64.Build.0 = Debug|Any CPU
		{1A8FA52A-BA5A-9578-DF2A-A84BA1550186}.Debug|x64.ActiveCfg = Debug|Any CPU
		{1A8FA52A-BA5A-9578-DF2A-A84BA1550186}.Debug|x64.Build.0 = Debug|Any CPU
		{1A8FA52A-BA5A-9578-DF2A-A84BA1550186}.Debug|x86.ActiveCfg = Debug|Any CPU
		{1A8FA52A-BA5A-9578-DF2A-A84BA1550186}.Debug|x86.Build.0 = Debug|Any CPU
		{1A8FA52A-BA5A-9578-DF2A-A84BA1550186}.Release|Any CPU.ActiveCfg = Release|Any CPU
		{1A8FA52A-BA5A-9578-DF2A-A84BA1550186}.Release|Any CPU.Build.0 = Release|Any CPU
		{1A8FA52A-BA5A-9578-DF2A-A84BA1550186}.Release|ARM64.ActiveCfg = Release|Any CPU
		{1A8FA52A-BA5A-9578-DF2A-A84BA1550186}.Release|ARM64.Build.0 = Release|Any CPU
		{1A8FA52A-BA5A-9578-DF2A-A84BA1550186}.Release|x64.ActiveCfg = Release|Any CPU
		{1A8FA52A-BA5A-9578-DF2A-A84BA1550186}.Release|x64.Build.0 = Release|Any CPU
		{1A8FA52A-BA5A-9578-DF2A-A84BA1550186}.Release|x86.ActiveCfg = Release|Any CPU
		{1A8FA52A-BA5A-9578-DF2A-A84BA1550186}.Release|x86.Build.0 = Release|Any CPU
		{D8F908FA-B0E7-84C1-A2A0-90A6DD7F9325}.Debug|Any CPU.ActiveCfg = Debug|Any CPU
		{D8F908FA-B0E7-84C1-A2A0-90A6DD7F9325}.Debug|Any CPU.Build.0 = Debug|Any CPU
		{D8F908FA-B0E7-84C1-A2A0-90A6DD7F9325}.Debug|ARM64.ActiveCfg = Debug|Any CPU
		{D8F908FA-B0E7-84C1-A2A0-90A6DD7F9325}.Debug|ARM64.Build.0 = Debug|Any CPU
		{D8F908FA-B0E7-84C1-A2A0-90A6DD7F9325}.Debug|x64.ActiveCfg = Debug|Any CPU
		{D8F908FA-B0E7-84C1-A2A0-90A6DD7F9325}.Debug|x64.Build.0 = Debug|Any CPU
		{D8F908FA-B0E7-84C1-A2A0-90A6DD7F9325}.Debug|x86.ActiveCfg = Debug|Any CPU
		{D8F908FA-B0E7-84C1-A2A0-90A6DD7F9325}.Debug|x86.Build.0 = Debug|Any CPU
		{D8F908FA-B0E7-84C1-A2A0-90A6DD7F9325}.Release|Any CPU.ActiveCfg = Release|Any CPU
		{D8F908FA-B0E7-84C1-A2A0-90A6DD7F9325}.Release|Any CPU.Build.0 = Release|Any CPU
		{D8F908FA-B0E7-84C1-A2A0-90A6DD7F9325}.Release|ARM64.ActiveCfg = Release|Any CPU
		{D8F908FA-B0E7-84C1-A2A0-90A6DD7F9325}.Release|ARM64.Build.0 = Release|Any CPU
		{D8F908FA-B0E7-84C1-A2A0-90A6DD7F9325}.Release|x64.ActiveCfg = Release|Any CPU
		{D8F908FA-B0E7-84C1-A2A0-90A6DD7F9325}.Release|x64.Build.0 = Release|Any CPU
		{D8F908FA-B0E7-84C1-A2A0-90A6DD7F9325}.Release|x86.ActiveCfg = Release|Any CPU
		{D8F908FA-B0E7-84C1-A2A0-90A6DD7F9325}.Release|x86.Build.0 = Release|Any CPU
		{0DE2576C-95A1-36D4-8FCA-06AC7802BEA1}.Debug|Any CPU.ActiveCfg = Debug|Any CPU
		{0DE2576C-95A1-36D4-8FCA-06AC7802BEA1}.Debug|Any CPU.Build.0 = Debug|Any CPU
		{0DE2576C-95A1-36D4-8FCA-06AC7802BEA1}.Debug|ARM64.ActiveCfg = Debug|Any CPU
		{0DE2576C-95A1-36D4-8FCA-06AC7802BEA1}.Debug|ARM64.Build.0 = Debug|Any CPU
		{0DE2576C-95A1-36D4-8FCA-06AC7802BEA1}.Debug|x64.ActiveCfg = Debug|Any CPU
		{0DE2576C-95A1-36D4-8FCA-06AC7802BEA1}.Debug|x64.Build.0 = Debug|Any CPU
		{0DE2576C-95A1-36D4-8FCA-06AC7802BEA1}.Debug|x86.ActiveCfg = Debug|Any CPU
		{0DE2576C-95A1-36D4-8FCA-06AC7802BEA1}.Debug|x86.Build.0 = Debug|Any CPU
		{0DE2576C-95A1-36D4-8FCA-06AC7802BEA1}.Release|Any CPU.ActiveCfg = Release|Any CPU
		{0DE2576C-95A1-36D4-8FCA-06AC7802BEA1}.Release|Any CPU.Build.0 = Release|Any CPU
		{0DE2576C-95A1-36D4-8FCA-06AC7802BEA1}.Release|ARM64.ActiveCfg = Release|Any CPU
		{0DE2576C-95A1-36D4-8FCA-06AC7802BEA1}.Release|ARM64.Build.0 = Release|Any CPU
		{0DE2576C-95A1-36D4-8FCA-06AC7802BEA1}.Release|x64.ActiveCfg = Release|Any CPU
		{0DE2576C-95A1-36D4-8FCA-06AC7802BEA1}.Release|x64.Build.0 = Release|Any CPU
		{0DE2576C-95A1-36D4-8FCA-06AC7802BEA1}.Release|x86.ActiveCfg = Release|Any CPU
		{0DE2576C-95A1-36D4-8FCA-06AC7802BEA1}.Release|x86.Build.0 = Release|Any CPU
		{B773942D-F8BB-525D-260D-84C70A8DE1BB}.Debug|Any CPU.ActiveCfg = Debug|Any CPU
		{B773942D-F8BB-525D-260D-84C70A8DE1BB}.Debug|Any CPU.Build.0 = Debug|Any CPU
		{B773942D-F8BB-525D-260D-84C70A8DE1BB}.Debug|ARM64.ActiveCfg = Debug|Any CPU
		{B773942D-F8BB-525D-260D-84C70A8DE1BB}.Debug|ARM64.Build.0 = Debug|Any CPU
		{B773942D-F8BB-525D-260D-84C70A8DE1BB}.Debug|x64.ActiveCfg = Debug|Any CPU
		{B773942D-F8BB-525D-260D-84C70A8DE1BB}.Debug|x64.Build.0 = Debug|Any CPU
		{B773942D-F8BB-525D-260D-84C70A8DE1BB}.Debug|x86.ActiveCfg = Debug|Any CPU
		{B773942D-F8BB-525D-260D-84C70A8DE1BB}.Debug|x86.Build.0 = Debug|Any CPU
		{B773942D-F8BB-525D-260D-84C70A8DE1BB}.Release|Any CPU.ActiveCfg = Release|Any CPU
		{B773942D-F8BB-525D-260D-84C70A8DE1BB}.Release|Any CPU.Build.0 = Release|Any CPU
		{B773942D-F8BB-525D-260D-84C70A8DE1BB}.Release|ARM64.ActiveCfg = Release|Any CPU
		{B773942D-F8BB-525D-260D-84C70A8DE1BB}.Release|ARM64.Build.0 = Release|Any CPU
		{B773942D-F8BB-525D-260D-84C70A8DE1BB}.Release|x64.ActiveCfg = Release|Any CPU
		{B773942D-F8BB-525D-260D-84C70A8DE1BB}.Release|x64.Build.0 = Release|Any CPU
		{B773942D-F8BB-525D-260D-84C70A8DE1BB}.Release|x86.ActiveCfg = Release|Any CPU
		{B773942D-F8BB-525D-260D-84C70A8DE1BB}.Release|x86.Build.0 = Release|Any CPU
		{FB11B550-02D7-F48E-9BB8-C5F39AD3A08E}.Debug|Any CPU.ActiveCfg = Debug|Any CPU
		{FB11B550-02D7-F48E-9BB8-C5F39AD3A08E}.Debug|Any CPU.Build.0 = Debug|Any CPU
		{FB11B550-02D7-F48E-9BB8-C5F39AD3A08E}.Debug|ARM64.ActiveCfg = Debug|Any CPU
		{FB11B550-02D7-F48E-9BB8-C5F39AD3A08E}.Debug|ARM64.Build.0 = Debug|Any CPU
		{FB11B550-02D7-F48E-9BB8-C5F39AD3A08E}.Debug|x64.ActiveCfg = Debug|Any CPU
		{FB11B550-02D7-F48E-9BB8-C5F39AD3A08E}.Debug|x64.Build.0 = Debug|Any CPU
		{FB11B550-02D7-F48E-9BB8-C5F39AD3A08E}.Debug|x86.ActiveCfg = Debug|Any CPU
		{FB11B550-02D7-F48E-9BB8-C5F39AD3A08E}.Debug|x86.Build.0 = Debug|Any CPU
		{FB11B550-02D7-F48E-9BB8-C5F39AD3A08E}.Release|Any CPU.ActiveCfg = Release|Any CPU
		{FB11B550-02D7-F48E-9BB8-C5F39AD3A08E}.Release|Any CPU.Build.0 = Release|Any CPU
		{FB11B550-02D7-F48E-9BB8-C5F39AD3A08E}.Release|ARM64.ActiveCfg = Release|Any CPU
		{FB11B550-02D7-F48E-9BB8-C5F39AD3A08E}.Release|ARM64.Build.0 = Release|Any CPU
		{FB11B550-02D7-F48E-9BB8-C5F39AD3A08E}.Release|x64.ActiveCfg = Release|Any CPU
		{FB11B550-02D7-F48E-9BB8-C5F39AD3A08E}.Release|x64.Build.0 = Release|Any CPU
		{FB11B550-02D7-F48E-9BB8-C5F39AD3A08E}.Release|x86.ActiveCfg = Release|Any CPU
		{FB11B550-02D7-F48E-9BB8-C5F39AD3A08E}.Release|x86.Build.0 = Release|Any CPU
		{34DCE76C-6DBF-CF17-4963-9FD10AEC6A44}.Debug|Any CPU.ActiveCfg = Debug|Any CPU
		{34DCE76C-6DBF-CF17-4963-9FD10AEC6A44}.Debug|Any CPU.Build.0 = Debug|Any CPU
		{34DCE76C-6DBF-CF17-4963-9FD10AEC6A44}.Debug|ARM64.ActiveCfg = Debug|Any CPU
		{34DCE76C-6DBF-CF17-4963-9FD10AEC6A44}.Debug|ARM64.Build.0 = Debug|Any CPU
		{34DCE76C-6DBF-CF17-4963-9FD10AEC6A44}.Debug|x64.ActiveCfg = Debug|Any CPU
		{34DCE76C-6DBF-CF17-4963-9FD10AEC6A44}.Debug|x64.Build.0 = Debug|Any CPU
		{34DCE76C-6DBF-CF17-4963-9FD10AEC6A44}.Debug|x86.ActiveCfg = Debug|Any CPU
		{34DCE76C-6DBF-CF17-4963-9FD10AEC6A44}.Debug|x86.Build.0 = Debug|Any CPU
		{34DCE76C-6DBF-CF17-4963-9FD10AEC6A44}.Release|Any CPU.ActiveCfg = Release|Any CPU
		{34DCE76C-6DBF-CF17-4963-9FD10AEC6A44}.Release|Any CPU.Build.0 = Release|Any CPU
		{34DCE76C-6DBF-CF17-4963-9FD10AEC6A44}.Release|ARM64.ActiveCfg = Release|Any CPU
		{34DCE76C-6DBF-CF17-4963-9FD10AEC6A44}.Release|ARM64.Build.0 = Release|Any CPU
		{34DCE76C-6DBF-CF17-4963-9FD10AEC6A44}.Release|x64.ActiveCfg = Release|Any CPU
		{34DCE76C-6DBF-CF17-4963-9FD10AEC6A44}.Release|x64.Build.0 = Release|Any CPU
		{34DCE76C-6DBF-CF17-4963-9FD10AEC6A44}.Release|x86.ActiveCfg = Release|Any CPU
		{34DCE76C-6DBF-CF17-4963-9FD10AEC6A44}.Release|x86.Build.0 = Release|Any CPU
		{33EAF60C-A443-C4FE-FDC5-4E492909F184}.Debug|Any CPU.ActiveCfg = Debug|Any CPU
		{33EAF60C-A443-C4FE-FDC5-4E492909F184}.Debug|Any CPU.Build.0 = Debug|Any CPU
		{33EAF60C-A443-C4FE-FDC5-4E492909F184}.Debug|ARM64.ActiveCfg = Debug|Any CPU
		{33EAF60C-A443-C4FE-FDC5-4E492909F184}.Debug|ARM64.Build.0 = Debug|Any CPU
		{33EAF60C-A443-C4FE-FDC5-4E492909F184}.Debug|x64.ActiveCfg = Debug|Any CPU
		{33EAF60C-A443-C4FE-FDC5-4E492909F184}.Debug|x64.Build.0 = Debug|Any CPU
		{33EAF60C-A443-C4FE-FDC5-4E492909F184}.Debug|x86.ActiveCfg = Debug|Any CPU
		{33EAF60C-A443-C4FE-FDC5-4E492909F184}.Debug|x86.Build.0 = Debug|Any CPU
		{33EAF60C-A443-C4FE-FDC5-4E492909F184}.Release|Any CPU.ActiveCfg = Release|Any CPU
		{33EAF60C-A443-C4FE-FDC5-4E492909F184}.Release|Any CPU.Build.0 = Release|Any CPU
		{33EAF60C-A443-C4FE-FDC5-4E492909F184}.Release|ARM64.ActiveCfg = Release|Any CPU
		{33EAF60C-A443-C4FE-FDC5-4E492909F184}.Release|ARM64.Build.0 = Release|Any CPU
		{33EAF60C-A443-C4FE-FDC5-4E492909F184}.Release|x64.ActiveCfg = Release|Any CPU
		{33EAF60C-A443-C4FE-FDC5-4E492909F184}.Release|x64.Build.0 = Release|Any CPU
		{33EAF60C-A443-C4FE-FDC5-4E492909F184}.Release|x86.ActiveCfg = Release|Any CPU
		{33EAF60C-A443-C4FE-FDC5-4E492909F184}.Release|x86.Build.0 = Release|Any CPU
		{D545B8AA-3ED2-453C-93C2-EE5169D1B162}.Debug|Any CPU.ActiveCfg = Debug|Any CPU
		{D545B8AA-3ED2-453C-93C2-EE5169D1B162}.Debug|Any CPU.Build.0 = Debug|Any CPU
		{D545B8AA-3ED2-453C-93C2-EE5169D1B162}.Debug|ARM64.ActiveCfg = Debug|Any CPU
		{D545B8AA-3ED2-453C-93C2-EE5169D1B162}.Debug|ARM64.Build.0 = Debug|Any CPU
		{D545B8AA-3ED2-453C-93C2-EE5169D1B162}.Debug|x64.ActiveCfg = Debug|Any CPU
		{D545B8AA-3ED2-453C-93C2-EE5169D1B162}.Debug|x64.Build.0 = Debug|Any CPU
		{D545B8AA-3ED2-453C-93C2-EE5169D1B162}.Debug|x86.ActiveCfg = Debug|Any CPU
		{D545B8AA-3ED2-453C-93C2-EE5169D1B162}.Debug|x86.Build.0 = Debug|Any CPU
		{D545B8AA-3ED2-453C-93C2-EE5169D1B162}.Release|Any CPU.ActiveCfg = Release|Any CPU
		{D545B8AA-3ED2-453C-93C2-EE5169D1B162}.Release|Any CPU.Build.0 = Release|Any CPU
		{D545B8AA-3ED2-453C-93C2-EE5169D1B162}.Release|ARM64.ActiveCfg = Release|Any CPU
		{D545B8AA-3ED2-453C-93C2-EE5169D1B162}.Release|ARM64.Build.0 = Release|Any CPU
		{D545B8AA-3ED2-453C-93C2-EE5169D1B162}.Release|x64.ActiveCfg = Release|Any CPU
		{D545B8AA-3ED2-453C-93C2-EE5169D1B162}.Release|x64.Build.0 = Release|Any CPU
		{D545B8AA-3ED2-453C-93C2-EE5169D1B162}.Release|x86.ActiveCfg = Release|Any CPU
		{D545B8AA-3ED2-453C-93C2-EE5169D1B162}.Release|x86.Build.0 = Release|Any CPU
		{E432B700-B5BE-C66D-8F8A-0EF19692647B}.Debug|Any CPU.ActiveCfg = Debug|Any CPU
		{E432B700-B5BE-C66D-8F8A-0EF19692647B}.Debug|Any CPU.Build.0 = Debug|Any CPU
		{E432B700-B5BE-C66D-8F8A-0EF19692647B}.Debug|ARM64.ActiveCfg = Debug|Any CPU
		{E432B700-B5BE-C66D-8F8A-0EF19692647B}.Debug|ARM64.Build.0 = Debug|Any CPU
		{E432B700-B5BE-C66D-8F8A-0EF19692647B}.Debug|x64.ActiveCfg = Debug|Any CPU
		{E432B700-B5BE-C66D-8F8A-0EF19692647B}.Debug|x64.Build.0 = Debug|Any CPU
		{E432B700-B5BE-C66D-8F8A-0EF19692647B}.Debug|x86.ActiveCfg = Debug|Any CPU
		{E432B700-B5BE-C66D-8F8A-0EF19692647B}.Debug|x86.Build.0 = Debug|Any CPU
		{E432B700-B5BE-C66D-8F8A-0EF19692647B}.Release|Any CPU.ActiveCfg = Release|Any CPU
		{E432B700-B5BE-C66D-8F8A-0EF19692647B}.Release|Any CPU.Build.0 = Release|Any CPU
		{E432B700-B5BE-C66D-8F8A-0EF19692647B}.Release|ARM64.ActiveCfg = Release|Any CPU
		{E432B700-B5BE-C66D-8F8A-0EF19692647B}.Release|ARM64.Build.0 = Release|Any CPU
		{E432B700-B5BE-C66D-8F8A-0EF19692647B}.Release|x64.ActiveCfg = Release|Any CPU
		{E432B700-B5BE-C66D-8F8A-0EF19692647B}.Release|x64.Build.0 = Release|Any CPU
		{E432B700-B5BE-C66D-8F8A-0EF19692647B}.Release|x86.ActiveCfg = Release|Any CPU
		{E432B700-B5BE-C66D-8F8A-0EF19692647B}.Release|x86.Build.0 = Release|Any CPU
		{58EBF24A-D3B4-3173-4597-7EF7669B3E1C}.Debug|Any CPU.ActiveCfg = Debug|Any CPU
		{58EBF24A-D3B4-3173-4597-7EF7669B3E1C}.Debug|Any CPU.Build.0 = Debug|Any CPU
		{58EBF24A-D3B4-3173-4597-7EF7669B3E1C}.Debug|ARM64.ActiveCfg = Debug|Any CPU
		{58EBF24A-D3B4-3173-4597-7EF7669B3E1C}.Debug|ARM64.Build.0 = Debug|Any CPU
		{58EBF24A-D3B4-3173-4597-7EF7669B3E1C}.Debug|x64.ActiveCfg = Debug|Any CPU
		{58EBF24A-D3B4-3173-4597-7EF7669B3E1C}.Debug|x64.Build.0 = Debug|Any CPU
		{58EBF24A-D3B4-3173-4597-7EF7669B3E1C}.Debug|x86.ActiveCfg = Debug|Any CPU
		{58EBF24A-D3B4-3173-4597-7EF7669B3E1C}.Debug|x86.Build.0 = Debug|Any CPU
		{58EBF24A-D3B4-3173-4597-7EF7669B3E1C}.Release|Any CPU.ActiveCfg = Release|Any CPU
		{58EBF24A-D3B4-3173-4597-7EF7669B3E1C}.Release|Any CPU.Build.0 = Release|Any CPU
		{58EBF24A-D3B4-3173-4597-7EF7669B3E1C}.Release|ARM64.ActiveCfg = Release|Any CPU
		{58EBF24A-D3B4-3173-4597-7EF7669B3E1C}.Release|ARM64.Build.0 = Release|Any CPU
		{58EBF24A-D3B4-3173-4597-7EF7669B3E1C}.Release|x64.ActiveCfg = Release|Any CPU
		{58EBF24A-D3B4-3173-4597-7EF7669B3E1C}.Release|x64.Build.0 = Release|Any CPU
		{58EBF24A-D3B4-3173-4597-7EF7669B3E1C}.Release|x86.ActiveCfg = Release|Any CPU
		{58EBF24A-D3B4-3173-4597-7EF7669B3E1C}.Release|x86.Build.0 = Release|Any CPU
		{8E5BF288-73D3-1E54-DC8D-8501E47A742D}.Debug|Any CPU.ActiveCfg = Debug|Any CPU
		{8E5BF288-73D3-1E54-DC8D-8501E47A742D}.Debug|Any CPU.Build.0 = Debug|Any CPU
		{8E5BF288-73D3-1E54-DC8D-8501E47A742D}.Debug|ARM64.ActiveCfg = Debug|Any CPU
		{8E5BF288-73D3-1E54-DC8D-8501E47A742D}.Debug|ARM64.Build.0 = Debug|Any CPU
		{8E5BF288-73D3-1E54-DC8D-8501E47A742D}.Debug|x64.ActiveCfg = Debug|Any CPU
		{8E5BF288-73D3-1E54-DC8D-8501E47A742D}.Debug|x64.Build.0 = Debug|Any CPU
		{8E5BF288-73D3-1E54-DC8D-8501E47A742D}.Debug|x86.ActiveCfg = Debug|Any CPU
		{8E5BF288-73D3-1E54-DC8D-8501E47A742D}.Debug|x86.Build.0 = Debug|Any CPU
		{8E5BF288-73D3-1E54-DC8D-8501E47A742D}.Release|Any CPU.ActiveCfg = Release|Any CPU
		{8E5BF288-73D3-1E54-DC8D-8501E47A742D}.Release|Any CPU.Build.0 = Release|Any CPU
		{8E5BF288-73D3-1E54-DC8D-8501E47A742D}.Release|ARM64.ActiveCfg = Release|Any CPU
		{8E5BF288-73D3-1E54-DC8D-8501E47A742D}.Release|ARM64.Build.0 = Release|Any CPU
		{8E5BF288-73D3-1E54-DC8D-8501E47A742D}.Release|x64.ActiveCfg = Release|Any CPU
		{8E5BF288-73D3-1E54-DC8D-8501E47A742D}.Release|x64.Build.0 = Release|Any CPU
		{8E5BF288-73D3-1E54-DC8D-8501E47A742D}.Release|x86.ActiveCfg = Release|Any CPU
		{8E5BF288-73D3-1E54-DC8D-8501E47A742D}.Release|x86.Build.0 = Release|Any CPU
		{5971707D-766A-AAEC-E822-5E5C4065D841}.Debug|Any CPU.ActiveCfg = Debug|Any CPU
		{5971707D-766A-AAEC-E822-5E5C4065D841}.Debug|Any CPU.Build.0 = Debug|Any CPU
		{5971707D-766A-AAEC-E822-5E5C4065D841}.Debug|ARM64.ActiveCfg = Debug|Any CPU
		{5971707D-766A-AAEC-E822-5E5C4065D841}.Debug|ARM64.Build.0 = Debug|Any CPU
		{5971707D-766A-AAEC-E822-5E5C4065D841}.Debug|x64.ActiveCfg = Debug|Any CPU
		{5971707D-766A-AAEC-E822-5E5C4065D841}.Debug|x64.Build.0 = Debug|Any CPU
		{5971707D-766A-AAEC-E822-5E5C4065D841}.Debug|x86.ActiveCfg = Debug|Any CPU
		{5971707D-766A-AAEC-E822-5E5C4065D841}.Debug|x86.Build.0 = Debug|Any CPU
		{5971707D-766A-AAEC-E822-5E5C4065D841}.Release|Any CPU.ActiveCfg = Release|Any CPU
		{5971707D-766A-AAEC-E822-5E5C4065D841}.Release|Any CPU.Build.0 = Release|Any CPU
		{5971707D-766A-AAEC-E822-5E5C4065D841}.Release|ARM64.ActiveCfg = Release|Any CPU
		{5971707D-766A-AAEC-E822-5E5C4065D841}.Release|ARM64.Build.0 = Release|Any CPU
		{5971707D-766A-AAEC-E822-5E5C4065D841}.Release|x64.ActiveCfg = Release|Any CPU
		{5971707D-766A-AAEC-E822-5E5C4065D841}.Release|x64.Build.0 = Release|Any CPU
		{5971707D-766A-AAEC-E822-5E5C4065D841}.Release|x86.ActiveCfg = Release|Any CPU
		{5971707D-766A-AAEC-E822-5E5C4065D841}.Release|x86.Build.0 = Release|Any CPU
		{A32E18B3-5635-0E0A-43E5-B39404A6D28A}.Debug|Any CPU.ActiveCfg = Debug|Any CPU
		{A32E18B3-5635-0E0A-43E5-B39404A6D28A}.Debug|Any CPU.Build.0 = Debug|Any CPU
		{A32E18B3-5635-0E0A-43E5-B39404A6D28A}.Debug|ARM64.ActiveCfg = Debug|Any CPU
		{A32E18B3-5635-0E0A-43E5-B39404A6D28A}.Debug|ARM64.Build.0 = Debug|Any CPU
		{A32E18B3-5635-0E0A-43E5-B39404A6D28A}.Debug|x64.ActiveCfg = Debug|Any CPU
		{A32E18B3-5635-0E0A-43E5-B39404A6D28A}.Debug|x64.Build.0 = Debug|Any CPU
		{A32E18B3-5635-0E0A-43E5-B39404A6D28A}.Debug|x86.ActiveCfg = Debug|Any CPU
		{A32E18B3-5635-0E0A-43E5-B39404A6D28A}.Debug|x86.Build.0 = Debug|Any CPU
		{A32E18B3-5635-0E0A-43E5-B39404A6D28A}.Release|Any CPU.ActiveCfg = Release|Any CPU
		{A32E18B3-5635-0E0A-43E5-B39404A6D28A}.Release|Any CPU.Build.0 = Release|Any CPU
		{A32E18B3-5635-0E0A-43E5-B39404A6D28A}.Release|ARM64.ActiveCfg = Release|Any CPU
		{A32E18B3-5635-0E0A-43E5-B39404A6D28A}.Release|ARM64.Build.0 = Release|Any CPU
		{A32E18B3-5635-0E0A-43E5-B39404A6D28A}.Release|x64.ActiveCfg = Release|Any CPU
		{A32E18B3-5635-0E0A-43E5-B39404A6D28A}.Release|x64.Build.0 = Release|Any CPU
		{A32E18B3-5635-0E0A-43E5-B39404A6D28A}.Release|x86.ActiveCfg = Release|Any CPU
		{A32E18B3-5635-0E0A-43E5-B39404A6D28A}.Release|x86.Build.0 = Release|Any CPU
		{2AEDBD67-3CAF-46AE-534B-9E3F1308AB60}.Debug|Any CPU.ActiveCfg = Debug|Any CPU
		{2AEDBD67-3CAF-46AE-534B-9E3F1308AB60}.Debug|Any CPU.Build.0 = Debug|Any CPU
		{2AEDBD67-3CAF-46AE-534B-9E3F1308AB60}.Debug|ARM64.ActiveCfg = Debug|Any CPU
		{2AEDBD67-3CAF-46AE-534B-9E3F1308AB60}.Debug|ARM64.Build.0 = Debug|Any CPU
		{2AEDBD67-3CAF-46AE-534B-9E3F1308AB60}.Debug|x64.ActiveCfg = Debug|Any CPU
		{2AEDBD67-3CAF-46AE-534B-9E3F1308AB60}.Debug|x64.Build.0 = Debug|Any CPU
		{2AEDBD67-3CAF-46AE-534B-9E3F1308AB60}.Debug|x86.ActiveCfg = Debug|Any CPU
		{2AEDBD67-3CAF-46AE-534B-9E3F1308AB60}.Debug|x86.Build.0 = Debug|Any CPU
		{2AEDBD67-3CAF-46AE-534B-9E3F1308AB60}.Release|Any CPU.ActiveCfg = Release|Any CPU
		{2AEDBD67-3CAF-46AE-534B-9E3F1308AB60}.Release|Any CPU.Build.0 = Release|Any CPU
		{2AEDBD67-3CAF-46AE-534B-9E3F1308AB60}.Release|ARM64.ActiveCfg = Release|Any CPU
		{2AEDBD67-3CAF-46AE-534B-9E3F1308AB60}.Release|ARM64.Build.0 = Release|Any CPU
		{2AEDBD67-3CAF-46AE-534B-9E3F1308AB60}.Release|x64.ActiveCfg = Release|Any CPU
		{2AEDBD67-3CAF-46AE-534B-9E3F1308AB60}.Release|x64.Build.0 = Release|Any CPU
		{2AEDBD67-3CAF-46AE-534B-9E3F1308AB60}.Release|x86.ActiveCfg = Release|Any CPU
		{2AEDBD67-3CAF-46AE-534B-9E3F1308AB60}.Release|x86.Build.0 = Release|Any CPU
		{D198B23C-CC80-5565-A18F-9F4E2B2245A9}.Debug|Any CPU.ActiveCfg = Debug|Any CPU
		{D198B23C-CC80-5565-A18F-9F4E2B2245A9}.Debug|Any CPU.Build.0 = Debug|Any CPU
		{D198B23C-CC80-5565-A18F-9F4E2B2245A9}.Debug|ARM64.ActiveCfg = Debug|Any CPU
		{D198B23C-CC80-5565-A18F-9F4E2B2245A9}.Debug|ARM64.Build.0 = Debug|Any CPU
		{D198B23C-CC80-5565-A18F-9F4E2B2245A9}.Debug|x64.ActiveCfg = Debug|Any CPU
		{D198B23C-CC80-5565-A18F-9F4E2B2245A9}.Debug|x64.Build.0 = Debug|Any CPU
		{D198B23C-CC80-5565-A18F-9F4E2B2245A9}.Debug|x86.ActiveCfg = Debug|Any CPU
		{D198B23C-CC80-5565-A18F-9F4E2B2245A9}.Debug|x86.Build.0 = Debug|Any CPU
		{D198B23C-CC80-5565-A18F-9F4E2B2245A9}.Release|Any CPU.ActiveCfg = Release|Any CPU
		{D198B23C-CC80-5565-A18F-9F4E2B2245A9}.Release|Any CPU.Build.0 = Release|Any CPU
		{D198B23C-CC80-5565-A18F-9F4E2B2245A9}.Release|ARM64.ActiveCfg = Release|Any CPU
		{D198B23C-CC80-5565-A18F-9F4E2B2245A9}.Release|ARM64.Build.0 = Release|Any CPU
		{D198B23C-CC80-5565-A18F-9F4E2B2245A9}.Release|x64.ActiveCfg = Release|Any CPU
		{D198B23C-CC80-5565-A18F-9F4E2B2245A9}.Release|x64.Build.0 = Release|Any CPU
		{D198B23C-CC80-5565-A18F-9F4E2B2245A9}.Release|x86.ActiveCfg = Release|Any CPU
		{D198B23C-CC80-5565-A18F-9F4E2B2245A9}.Release|x86.Build.0 = Release|Any CPU
		{1B53A0E1-26F4-6D41-B4FB-4FBE94AC0D30}.Debug|Any CPU.ActiveCfg = Debug|Any CPU
		{1B53A0E1-26F4-6D41-B4FB-4FBE94AC0D30}.Debug|Any CPU.Build.0 = Debug|Any CPU
		{1B53A0E1-26F4-6D41-B4FB-4FBE94AC0D30}.Debug|ARM64.ActiveCfg = Debug|Any CPU
		{1B53A0E1-26F4-6D41-B4FB-4FBE94AC0D30}.Debug|ARM64.Build.0 = Debug|Any CPU
		{1B53A0E1-26F4-6D41-B4FB-4FBE94AC0D30}.Debug|x64.ActiveCfg = Debug|Any CPU
		{1B53A0E1-26F4-6D41-B4FB-4FBE94AC0D30}.Debug|x64.Build.0 = Debug|Any CPU
		{1B53A0E1-26F4-6D41-B4FB-4FBE94AC0D30}.Debug|x86.ActiveCfg = Debug|Any CPU
		{1B53A0E1-26F4-6D41-B4FB-4FBE94AC0D30}.Debug|x86.Build.0 = Debug|Any CPU
		{1B53A0E1-26F4-6D41-B4FB-4FBE94AC0D30}.Release|Any CPU.ActiveCfg = Release|Any CPU
		{1B53A0E1-26F4-6D41-B4FB-4FBE94AC0D30}.Release|Any CPU.Build.0 = Release|Any CPU
		{1B53A0E1-26F4-6D41-B4FB-4FBE94AC0D30}.Release|ARM64.ActiveCfg = Release|Any CPU
		{1B53A0E1-26F4-6D41-B4FB-4FBE94AC0D30}.Release|ARM64.Build.0 = Release|Any CPU
		{1B53A0E1-26F4-6D41-B4FB-4FBE94AC0D30}.Release|x64.ActiveCfg = Release|Any CPU
		{1B53A0E1-26F4-6D41-B4FB-4FBE94AC0D30}.Release|x64.Build.0 = Release|Any CPU
		{1B53A0E1-26F4-6D41-B4FB-4FBE94AC0D30}.Release|x86.ActiveCfg = Release|Any CPU
		{1B53A0E1-26F4-6D41-B4FB-4FBE94AC0D30}.Release|x86.Build.0 = Release|Any CPU
		{7449DC43-205F-E668-2D2F-5B7F48E09D37}.Debug|Any CPU.ActiveCfg = Debug|Any CPU
		{7449DC43-205F-E668-2D2F-5B7F48E09D37}.Debug|Any CPU.Build.0 = Debug|Any CPU
		{7449DC43-205F-E668-2D2F-5B7F48E09D37}.Debug|ARM64.ActiveCfg = Debug|Any CPU
		{7449DC43-205F-E668-2D2F-5B7F48E09D37}.Debug|ARM64.Build.0 = Debug|Any CPU
		{7449DC43-205F-E668-2D2F-5B7F48E09D37}.Debug|x64.ActiveCfg = Debug|Any CPU
		{7449DC43-205F-E668-2D2F-5B7F48E09D37}.Debug|x64.Build.0 = Debug|Any CPU
		{7449DC43-205F-E668-2D2F-5B7F48E09D37}.Debug|x86.ActiveCfg = Debug|Any CPU
		{7449DC43-205F-E668-2D2F-5B7F48E09D37}.Debug|x86.Build.0 = Debug|Any CPU
		{7449DC43-205F-E668-2D2F-5B7F48E09D37}.Release|Any CPU.ActiveCfg = Release|Any CPU
		{7449DC43-205F-E668-2D2F-5B7F48E09D37}.Release|Any CPU.Build.0 = Release|Any CPU
		{7449DC43-205F-E668-2D2F-5B7F48E09D37}.Release|ARM64.ActiveCfg = Release|Any CPU
		{7449DC43-205F-E668-2D2F-5B7F48E09D37}.Release|ARM64.Build.0 = Release|Any CPU
		{7449DC43-205F-E668-2D2F-5B7F48E09D37}.Release|x64.ActiveCfg = Release|Any CPU
		{7449DC43-205F-E668-2D2F-5B7F48E09D37}.Release|x64.Build.0 = Release|Any CPU
		{7449DC43-205F-E668-2D2F-5B7F48E09D37}.Release|x86.ActiveCfg = Release|Any CPU
		{7449DC43-205F-E668-2D2F-5B7F48E09D37}.Release|x86.Build.0 = Release|Any CPU
		{20522950-6162-318C-6E47-7AEA29182465}.Debug|Any CPU.ActiveCfg = Debug|Any CPU
		{20522950-6162-318C-6E47-7AEA29182465}.Debug|Any CPU.Build.0 = Debug|Any CPU
		{20522950-6162-318C-6E47-7AEA29182465}.Debug|ARM64.ActiveCfg = Debug|Any CPU
		{20522950-6162-318C-6E47-7AEA29182465}.Debug|ARM64.Build.0 = Debug|Any CPU
		{20522950-6162-318C-6E47-7AEA29182465}.Debug|x64.ActiveCfg = Debug|Any CPU
		{20522950-6162-318C-6E47-7AEA29182465}.Debug|x64.Build.0 = Debug|Any CPU
		{20522950-6162-318C-6E47-7AEA29182465}.Debug|x86.ActiveCfg = Debug|Any CPU
		{20522950-6162-318C-6E47-7AEA29182465}.Debug|x86.Build.0 = Debug|Any CPU
		{20522950-6162-318C-6E47-7AEA29182465}.Release|Any CPU.ActiveCfg = Release|Any CPU
		{20522950-6162-318C-6E47-7AEA29182465}.Release|Any CPU.Build.0 = Release|Any CPU
		{20522950-6162-318C-6E47-7AEA29182465}.Release|ARM64.ActiveCfg = Release|Any CPU
		{20522950-6162-318C-6E47-7AEA29182465}.Release|ARM64.Build.0 = Release|Any CPU
		{20522950-6162-318C-6E47-7AEA29182465}.Release|x64.ActiveCfg = Release|Any CPU
		{20522950-6162-318C-6E47-7AEA29182465}.Release|x64.Build.0 = Release|Any CPU
		{20522950-6162-318C-6E47-7AEA29182465}.Release|x86.ActiveCfg = Release|Any CPU
		{20522950-6162-318C-6E47-7AEA29182465}.Release|x86.Build.0 = Release|Any CPU
		{E239A98D-382C-94EE-B893-610A6EE10412}.Debug|Any CPU.ActiveCfg = Debug|Any CPU
		{E239A98D-382C-94EE-B893-610A6EE10412}.Debug|Any CPU.Build.0 = Debug|Any CPU
		{E239A98D-382C-94EE-B893-610A6EE10412}.Debug|ARM64.ActiveCfg = Debug|Any CPU
		{E239A98D-382C-94EE-B893-610A6EE10412}.Debug|ARM64.Build.0 = Debug|Any CPU
		{E239A98D-382C-94EE-B893-610A6EE10412}.Debug|x64.ActiveCfg = Debug|Any CPU
		{E239A98D-382C-94EE-B893-610A6EE10412}.Debug|x64.Build.0 = Debug|Any CPU
		{E239A98D-382C-94EE-B893-610A6EE10412}.Debug|x86.ActiveCfg = Debug|Any CPU
		{E239A98D-382C-94EE-B893-610A6EE10412}.Debug|x86.Build.0 = Debug|Any CPU
		{E239A98D-382C-94EE-B893-610A6EE10412}.Release|Any CPU.ActiveCfg = Release|Any CPU
		{E239A98D-382C-94EE-B893-610A6EE10412}.Release|Any CPU.Build.0 = Release|Any CPU
		{E239A98D-382C-94EE-B893-610A6EE10412}.Release|ARM64.ActiveCfg = Release|Any CPU
		{E239A98D-382C-94EE-B893-610A6EE10412}.Release|ARM64.Build.0 = Release|Any CPU
		{E239A98D-382C-94EE-B893-610A6EE10412}.Release|x64.ActiveCfg = Release|Any CPU
		{E239A98D-382C-94EE-B893-610A6EE10412}.Release|x64.Build.0 = Release|Any CPU
		{E239A98D-382C-94EE-B893-610A6EE10412}.Release|x86.ActiveCfg = Release|Any CPU
		{E239A98D-382C-94EE-B893-610A6EE10412}.Release|x86.Build.0 = Release|Any CPU
		{636CA049-2B16-2EAE-138E-2635CA8BFB46}.Debug|Any CPU.ActiveCfg = Debug|Any CPU
		{636CA049-2B16-2EAE-138E-2635CA8BFB46}.Debug|Any CPU.Build.0 = Debug|Any CPU
		{636CA049-2B16-2EAE-138E-2635CA8BFB46}.Debug|ARM64.ActiveCfg = Debug|Any CPU
		{636CA049-2B16-2EAE-138E-2635CA8BFB46}.Debug|ARM64.Build.0 = Debug|Any CPU
		{636CA049-2B16-2EAE-138E-2635CA8BFB46}.Debug|x64.ActiveCfg = Debug|Any CPU
		{636CA049-2B16-2EAE-138E-2635CA8BFB46}.Debug|x64.Build.0 = Debug|Any CPU
		{636CA049-2B16-2EAE-138E-2635CA8BFB46}.Debug|x86.ActiveCfg = Debug|Any CPU
		{636CA049-2B16-2EAE-138E-2635CA8BFB46}.Debug|x86.Build.0 = Debug|Any CPU
		{636CA049-2B16-2EAE-138E-2635CA8BFB46}.Release|Any CPU.ActiveCfg = Release|Any CPU
		{636CA049-2B16-2EAE-138E-2635CA8BFB46}.Release|Any CPU.Build.0 = Release|Any CPU
		{636CA049-2B16-2EAE-138E-2635CA8BFB46}.Release|ARM64.ActiveCfg = Release|Any CPU
		{636CA049-2B16-2EAE-138E-2635CA8BFB46}.Release|ARM64.Build.0 = Release|Any CPU
		{636CA049-2B16-2EAE-138E-2635CA8BFB46}.Release|x64.ActiveCfg = Release|Any CPU
		{636CA049-2B16-2EAE-138E-2635CA8BFB46}.Release|x64.Build.0 = Release|Any CPU
		{636CA049-2B16-2EAE-138E-2635CA8BFB46}.Release|x86.ActiveCfg = Release|Any CPU
		{636CA049-2B16-2EAE-138E-2635CA8BFB46}.Release|x86.Build.0 = Release|Any CPU
		{A11567A2-874F-7C63-4BC7-79558CC003EC}.Debug|Any CPU.ActiveCfg = Debug|Any CPU
		{A11567A2-874F-7C63-4BC7-79558CC003EC}.Debug|Any CPU.Build.0 = Debug|Any CPU
		{A11567A2-874F-7C63-4BC7-79558CC003EC}.Debug|ARM64.ActiveCfg = Debug|Any CPU
		{A11567A2-874F-7C63-4BC7-79558CC003EC}.Debug|ARM64.Build.0 = Debug|Any CPU
		{A11567A2-874F-7C63-4BC7-79558CC003EC}.Debug|x64.ActiveCfg = Debug|Any CPU
		{A11567A2-874F-7C63-4BC7-79558CC003EC}.Debug|x64.Build.0 = Debug|Any CPU
		{A11567A2-874F-7C63-4BC7-79558CC003EC}.Debug|x86.ActiveCfg = Debug|Any CPU
		{A11567A2-874F-7C63-4BC7-79558CC003EC}.Debug|x86.Build.0 = Debug|Any CPU
		{A11567A2-874F-7C63-4BC7-79558CC003EC}.Release|Any CPU.ActiveCfg = Release|Any CPU
		{A11567A2-874F-7C63-4BC7-79558CC003EC}.Release|Any CPU.Build.0 = Release|Any CPU
		{A11567A2-874F-7C63-4BC7-79558CC003EC}.Release|ARM64.ActiveCfg = Release|Any CPU
		{A11567A2-874F-7C63-4BC7-79558CC003EC}.Release|ARM64.Build.0 = Release|Any CPU
		{A11567A2-874F-7C63-4BC7-79558CC003EC}.Release|x64.ActiveCfg = Release|Any CPU
		{A11567A2-874F-7C63-4BC7-79558CC003EC}.Release|x64.Build.0 = Release|Any CPU
		{A11567A2-874F-7C63-4BC7-79558CC003EC}.Release|x86.ActiveCfg = Release|Any CPU
		{A11567A2-874F-7C63-4BC7-79558CC003EC}.Release|x86.Build.0 = Release|Any CPU
		{519AD86F-C8F9-C01E-E7E9-BD9E654B69E7}.Debug|Any CPU.ActiveCfg = Debug|Any CPU
		{519AD86F-C8F9-C01E-E7E9-BD9E654B69E7}.Debug|Any CPU.Build.0 = Debug|Any CPU
		{519AD86F-C8F9-C01E-E7E9-BD9E654B69E7}.Debug|ARM64.ActiveCfg = Debug|Any CPU
		{519AD86F-C8F9-C01E-E7E9-BD9E654B69E7}.Debug|ARM64.Build.0 = Debug|Any CPU
		{519AD86F-C8F9-C01E-E7E9-BD9E654B69E7}.Debug|x64.ActiveCfg = Debug|Any CPU
		{519AD86F-C8F9-C01E-E7E9-BD9E654B69E7}.Debug|x64.Build.0 = Debug|Any CPU
		{519AD86F-C8F9-C01E-E7E9-BD9E654B69E7}.Debug|x86.ActiveCfg = Debug|Any CPU
		{519AD86F-C8F9-C01E-E7E9-BD9E654B69E7}.Debug|x86.Build.0 = Debug|Any CPU
		{519AD86F-C8F9-C01E-E7E9-BD9E654B69E7}.Release|Any CPU.ActiveCfg = Release|Any CPU
		{519AD86F-C8F9-C01E-E7E9-BD9E654B69E7}.Release|Any CPU.Build.0 = Release|Any CPU
		{519AD86F-C8F9-C01E-E7E9-BD9E654B69E7}.Release|ARM64.ActiveCfg = Release|Any CPU
		{519AD86F-C8F9-C01E-E7E9-BD9E654B69E7}.Release|ARM64.Build.0 = Release|Any CPU
		{519AD86F-C8F9-C01E-E7E9-BD9E654B69E7}.Release|x64.ActiveCfg = Release|Any CPU
		{519AD86F-C8F9-C01E-E7E9-BD9E654B69E7}.Release|x64.Build.0 = Release|Any CPU
		{519AD86F-C8F9-C01E-E7E9-BD9E654B69E7}.Release|x86.ActiveCfg = Release|Any CPU
		{519AD86F-C8F9-C01E-E7E9-BD9E654B69E7}.Release|x86.Build.0 = Release|Any CPU
		{36008385-5A04-88B2-954F-38F1D68C1B96}.Debug|Any CPU.ActiveCfg = Debug|Any CPU
		{36008385-5A04-88B2-954F-38F1D68C1B96}.Debug|Any CPU.Build.0 = Debug|Any CPU
		{36008385-5A04-88B2-954F-38F1D68C1B96}.Debug|ARM64.ActiveCfg = Debug|Any CPU
		{36008385-5A04-88B2-954F-38F1D68C1B96}.Debug|ARM64.Build.0 = Debug|Any CPU
		{36008385-5A04-88B2-954F-38F1D68C1B96}.Debug|x64.ActiveCfg = Debug|Any CPU
		{36008385-5A04-88B2-954F-38F1D68C1B96}.Debug|x64.Build.0 = Debug|Any CPU
		{36008385-5A04-88B2-954F-38F1D68C1B96}.Debug|x86.ActiveCfg = Debug|Any CPU
		{36008385-5A04-88B2-954F-38F1D68C1B96}.Debug|x86.Build.0 = Debug|Any CPU
		{36008385-5A04-88B2-954F-38F1D68C1B96}.Release|Any CPU.ActiveCfg = Release|Any CPU
		{36008385-5A04-88B2-954F-38F1D68C1B96}.Release|Any CPU.Build.0 = Release|Any CPU
		{36008385-5A04-88B2-954F-38F1D68C1B96}.Release|ARM64.ActiveCfg = Release|Any CPU
		{36008385-5A04-88B2-954F-38F1D68C1B96}.Release|ARM64.Build.0 = Release|Any CPU
		{36008385-5A04-88B2-954F-38F1D68C1B96}.Release|x64.ActiveCfg = Release|Any CPU
		{36008385-5A04-88B2-954F-38F1D68C1B96}.Release|x64.Build.0 = Release|Any CPU
		{36008385-5A04-88B2-954F-38F1D68C1B96}.Release|x86.ActiveCfg = Release|Any CPU
		{36008385-5A04-88B2-954F-38F1D68C1B96}.Release|x86.Build.0 = Release|Any CPU
		{51A8F75D-C284-4AC1-C88E-79D170F95FA6}.Debug|Any CPU.ActiveCfg = Debug|Any CPU
		{51A8F75D-C284-4AC1-C88E-79D170F95FA6}.Debug|Any CPU.Build.0 = Debug|Any CPU
		{51A8F75D-C284-4AC1-C88E-79D170F95FA6}.Debug|ARM64.ActiveCfg = Debug|Any CPU
		{51A8F75D-C284-4AC1-C88E-79D170F95FA6}.Debug|ARM64.Build.0 = Debug|Any CPU
		{51A8F75D-C284-4AC1-C88E-79D170F95FA6}.Debug|x64.ActiveCfg = Debug|Any CPU
		{51A8F75D-C284-4AC1-C88E-79D170F95FA6}.Debug|x64.Build.0 = Debug|Any CPU
		{51A8F75D-C284-4AC1-C88E-79D170F95FA6}.Debug|x86.ActiveCfg = Debug|Any CPU
		{51A8F75D-C284-4AC1-C88E-79D170F95FA6}.Debug|x86.Build.0 = Debug|Any CPU
		{51A8F75D-C284-4AC1-C88E-79D170F95FA6}.Release|Any CPU.ActiveCfg = Release|Any CPU
		{51A8F75D-C284-4AC1-C88E-79D170F95FA6}.Release|Any CPU.Build.0 = Release|Any CPU
		{51A8F75D-C284-4AC1-C88E-79D170F95FA6}.Release|ARM64.ActiveCfg = Release|Any CPU
		{51A8F75D-C284-4AC1-C88E-79D170F95FA6}.Release|ARM64.Build.0 = Release|Any CPU
		{51A8F75D-C284-4AC1-C88E-79D170F95FA6}.Release|x64.ActiveCfg = Release|Any CPU
		{51A8F75D-C284-4AC1-C88E-79D170F95FA6}.Release|x64.Build.0 = Release|Any CPU
		{51A8F75D-C284-4AC1-C88E-79D170F95FA6}.Release|x86.ActiveCfg = Release|Any CPU
		{51A8F75D-C284-4AC1-C88E-79D170F95FA6}.Release|x86.Build.0 = Release|Any CPU
		{E04696D2-6E6C-2D5C-5145-1E4A4B50600A}.Debug|Any CPU.ActiveCfg = Debug|Any CPU
		{E04696D2-6E6C-2D5C-5145-1E4A4B50600A}.Debug|Any CPU.Build.0 = Debug|Any CPU
		{E04696D2-6E6C-2D5C-5145-1E4A4B50600A}.Debug|ARM64.ActiveCfg = Debug|Any CPU
		{E04696D2-6E6C-2D5C-5145-1E4A4B50600A}.Debug|ARM64.Build.0 = Debug|Any CPU
		{E04696D2-6E6C-2D5C-5145-1E4A4B50600A}.Debug|x64.ActiveCfg = Debug|Any CPU
		{E04696D2-6E6C-2D5C-5145-1E4A4B50600A}.Debug|x64.Build.0 = Debug|Any CPU
		{E04696D2-6E6C-2D5C-5145-1E4A4B50600A}.Debug|x86.ActiveCfg = Debug|Any CPU
		{E04696D2-6E6C-2D5C-5145-1E4A4B50600A}.Debug|x86.Build.0 = Debug|Any CPU
		{E04696D2-6E6C-2D5C-5145-1E4A4B50600A}.Release|Any CPU.ActiveCfg = Release|Any CPU
		{E04696D2-6E6C-2D5C-5145-1E4A4B50600A}.Release|Any CPU.Build.0 = Release|Any CPU
		{E04696D2-6E6C-2D5C-5145-1E4A4B50600A}.Release|ARM64.ActiveCfg = Release|Any CPU
		{E04696D2-6E6C-2D5C-5145-1E4A4B50600A}.Release|ARM64.Build.0 = Release|Any CPU
		{E04696D2-6E6C-2D5C-5145-1E4A4B50600A}.Release|x64.ActiveCfg = Release|Any CPU
		{E04696D2-6E6C-2D5C-5145-1E4A4B50600A}.Release|x64.Build.0 = Release|Any CPU
		{E04696D2-6E6C-2D5C-5145-1E4A4B50600A}.Release|x86.ActiveCfg = Release|Any CPU
		{E04696D2-6E6C-2D5C-5145-1E4A4B50600A}.Release|x86.Build.0 = Release|Any CPU
		{61E74E0C-2777-9E0E-B159-4C45A47EC48A}.Debug|Any CPU.ActiveCfg = Debug|Any CPU
		{61E74E0C-2777-9E0E-B159-4C45A47EC48A}.Debug|Any CPU.Build.0 = Debug|Any CPU
		{61E74E0C-2777-9E0E-B159-4C45A47EC48A}.Debug|ARM64.ActiveCfg = Debug|Any CPU
		{61E74E0C-2777-9E0E-B159-4C45A47EC48A}.Debug|ARM64.Build.0 = Debug|Any CPU
		{61E74E0C-2777-9E0E-B159-4C45A47EC48A}.Debug|x64.ActiveCfg = Debug|Any CPU
		{61E74E0C-2777-9E0E-B159-4C45A47EC48A}.Debug|x64.Build.0 = Debug|Any CPU
		{61E74E0C-2777-9E0E-B159-4C45A47EC48A}.Debug|x86.ActiveCfg = Debug|Any CPU
		{61E74E0C-2777-9E0E-B159-4C45A47EC48A}.Debug|x86.Build.0 = Debug|Any CPU
		{61E74E0C-2777-9E0E-B159-4C45A47EC48A}.Release|Any CPU.ActiveCfg = Release|Any CPU
		{61E74E0C-2777-9E0E-B159-4C45A47EC48A}.Release|Any CPU.Build.0 = Release|Any CPU
		{61E74E0C-2777-9E0E-B159-4C45A47EC48A}.Release|ARM64.ActiveCfg = Release|Any CPU
		{61E74E0C-2777-9E0E-B159-4C45A47EC48A}.Release|ARM64.Build.0 = Release|Any CPU
		{61E74E0C-2777-9E0E-B159-4C45A47EC48A}.Release|x64.ActiveCfg = Release|Any CPU
		{61E74E0C-2777-9E0E-B159-4C45A47EC48A}.Release|x64.Build.0 = Release|Any CPU
		{61E74E0C-2777-9E0E-B159-4C45A47EC48A}.Release|x86.ActiveCfg = Release|Any CPU
		{61E74E0C-2777-9E0E-B159-4C45A47EC48A}.Release|x86.Build.0 = Release|Any CPU
		{8D0656FF-CE68-737E-5D08-EFA309652024}.Debug|Any CPU.ActiveCfg = Debug|Any CPU
		{8D0656FF-CE68-737E-5D08-EFA309652024}.Debug|Any CPU.Build.0 = Debug|Any CPU
		{8D0656FF-CE68-737E-5D08-EFA309652024}.Debug|ARM64.ActiveCfg = Debug|Any CPU
		{8D0656FF-CE68-737E-5D08-EFA309652024}.Debug|ARM64.Build.0 = Debug|Any CPU
		{8D0656FF-CE68-737E-5D08-EFA309652024}.Debug|x64.ActiveCfg = Debug|Any CPU
		{8D0656FF-CE68-737E-5D08-EFA309652024}.Debug|x64.Build.0 = Debug|Any CPU
		{8D0656FF-CE68-737E-5D08-EFA309652024}.Debug|x86.ActiveCfg = Debug|Any CPU
		{8D0656FF-CE68-737E-5D08-EFA309652024}.Debug|x86.Build.0 = Debug|Any CPU
		{8D0656FF-CE68-737E-5D08-EFA309652024}.Release|Any CPU.ActiveCfg = Release|Any CPU
		{8D0656FF-CE68-737E-5D08-EFA309652024}.Release|Any CPU.Build.0 = Release|Any CPU
		{8D0656FF-CE68-737E-5D08-EFA309652024}.Release|ARM64.ActiveCfg = Release|Any CPU
		{8D0656FF-CE68-737E-5D08-EFA309652024}.Release|ARM64.Build.0 = Release|Any CPU
		{8D0656FF-CE68-737E-5D08-EFA309652024}.Release|x64.ActiveCfg = Release|Any CPU
		{8D0656FF-CE68-737E-5D08-EFA309652024}.Release|x64.Build.0 = Release|Any CPU
		{8D0656FF-CE68-737E-5D08-EFA309652024}.Release|x86.ActiveCfg = Release|Any CPU
		{8D0656FF-CE68-737E-5D08-EFA309652024}.Release|x86.Build.0 = Release|Any CPU
		{84F3856B-35AC-C4C6-3609-A288C5F05046}.Debug|Any CPU.ActiveCfg = Debug|Any CPU
		{84F3856B-35AC-C4C6-3609-A288C5F05046}.Debug|Any CPU.Build.0 = Debug|Any CPU
		{84F3856B-35AC-C4C6-3609-A288C5F05046}.Debug|ARM64.ActiveCfg = Debug|Any CPU
		{84F3856B-35AC-C4C6-3609-A288C5F05046}.Debug|ARM64.Build.0 = Debug|Any CPU
		{84F3856B-35AC-C4C6-3609-A288C5F05046}.Debug|x64.ActiveCfg = Debug|Any CPU
		{84F3856B-35AC-C4C6-3609-A288C5F05046}.Debug|x64.Build.0 = Debug|Any CPU
		{84F3856B-35AC-C4C6-3609-A288C5F05046}.Debug|x86.ActiveCfg = Debug|Any CPU
		{84F3856B-35AC-C4C6-3609-A288C5F05046}.Debug|x86.Build.0 = Debug|Any CPU
		{84F3856B-35AC-C4C6-3609-A288C5F05046}.Release|Any CPU.ActiveCfg = Release|Any CPU
		{84F3856B-35AC-C4C6-3609-A288C5F05046}.Release|Any CPU.Build.0 = Release|Any CPU
		{84F3856B-35AC-C4C6-3609-A288C5F05046}.Release|ARM64.ActiveCfg = Release|Any CPU
		{84F3856B-35AC-C4C6-3609-A288C5F05046}.Release|ARM64.Build.0 = Release|Any CPU
		{84F3856B-35AC-C4C6-3609-A288C5F05046}.Release|x64.ActiveCfg = Release|Any CPU
		{84F3856B-35AC-C4C6-3609-A288C5F05046}.Release|x64.Build.0 = Release|Any CPU
		{84F3856B-35AC-C4C6-3609-A288C5F05046}.Release|x86.ActiveCfg = Release|Any CPU
		{84F3856B-35AC-C4C6-3609-A288C5F05046}.Release|x86.Build.0 = Release|Any CPU
		{E868F177-6652-376E-23B0-E42BB8EC7C12}.Debug|Any CPU.ActiveCfg = Debug|Any CPU
		{E868F177-6652-376E-23B0-E42BB8EC7C12}.Debug|Any CPU.Build.0 = Debug|Any CPU
		{E868F177-6652-376E-23B0-E42BB8EC7C12}.Debug|ARM64.ActiveCfg = Debug|Any CPU
		{E868F177-6652-376E-23B0-E42BB8EC7C12}.Debug|ARM64.Build.0 = Debug|Any CPU
		{E868F177-6652-376E-23B0-E42BB8EC7C12}.Debug|x64.ActiveCfg = Debug|Any CPU
		{E868F177-6652-376E-23B0-E42BB8EC7C12}.Debug|x64.Build.0 = Debug|Any CPU
		{E868F177-6652-376E-23B0-E42BB8EC7C12}.Debug|x86.ActiveCfg = Debug|Any CPU
		{E868F177-6652-376E-23B0-E42BB8EC7C12}.Debug|x86.Build.0 = Debug|Any CPU
		{E868F177-6652-376E-23B0-E42BB8EC7C12}.Release|Any CPU.ActiveCfg = Release|Any CPU
		{E868F177-6652-376E-23B0-E42BB8EC7C12}.Release|Any CPU.Build.0 = Release|Any CPU
		{E868F177-6652-376E-23B0-E42BB8EC7C12}.Release|ARM64.ActiveCfg = Release|Any CPU
		{E868F177-6652-376E-23B0-E42BB8EC7C12}.Release|ARM64.Build.0 = Release|Any CPU
		{E868F177-6652-376E-23B0-E42BB8EC7C12}.Release|x64.ActiveCfg = Release|Any CPU
		{E868F177-6652-376E-23B0-E42BB8EC7C12}.Release|x64.Build.0 = Release|Any CPU
		{E868F177-6652-376E-23B0-E42BB8EC7C12}.Release|x86.ActiveCfg = Release|Any CPU
		{E868F177-6652-376E-23B0-E42BB8EC7C12}.Release|x86.Build.0 = Release|Any CPU
		{B1FBB8D1-6262-6E2C-4916-4CDF285EFC31}.Debug|Any CPU.ActiveCfg = Debug|Any CPU
		{B1FBB8D1-6262-6E2C-4916-4CDF285EFC31}.Debug|Any CPU.Build.0 = Debug|Any CPU
		{B1FBB8D1-6262-6E2C-4916-4CDF285EFC31}.Debug|ARM64.ActiveCfg = Debug|Any CPU
		{B1FBB8D1-6262-6E2C-4916-4CDF285EFC31}.Debug|ARM64.Build.0 = Debug|Any CPU
		{B1FBB8D1-6262-6E2C-4916-4CDF285EFC31}.Debug|x64.ActiveCfg = Debug|Any CPU
		{B1FBB8D1-6262-6E2C-4916-4CDF285EFC31}.Debug|x64.Build.0 = Debug|Any CPU
		{B1FBB8D1-6262-6E2C-4916-4CDF285EFC31}.Debug|x86.ActiveCfg = Debug|Any CPU
		{B1FBB8D1-6262-6E2C-4916-4CDF285EFC31}.Debug|x86.Build.0 = Debug|Any CPU
		{B1FBB8D1-6262-6E2C-4916-4CDF285EFC31}.Release|Any CPU.ActiveCfg = Release|Any CPU
		{B1FBB8D1-6262-6E2C-4916-4CDF285EFC31}.Release|Any CPU.Build.0 = Release|Any CPU
		{B1FBB8D1-6262-6E2C-4916-4CDF285EFC31}.Release|ARM64.ActiveCfg = Release|Any CPU
		{B1FBB8D1-6262-6E2C-4916-4CDF285EFC31}.Release|ARM64.Build.0 = Release|Any CPU
		{B1FBB8D1-6262-6E2C-4916-4CDF285EFC31}.Release|x64.ActiveCfg = Release|Any CPU
		{B1FBB8D1-6262-6E2C-4916-4CDF285EFC31}.Release|x64.Build.0 = Release|Any CPU
		{B1FBB8D1-6262-6E2C-4916-4CDF285EFC31}.Release|x86.ActiveCfg = Release|Any CPU
		{B1FBB8D1-6262-6E2C-4916-4CDF285EFC31}.Release|x86.Build.0 = Release|Any CPU
		{46DCA6F9-89D4-1E0F-CF65-2D9D918C95D8}.Debug|Any CPU.ActiveCfg = Debug|Any CPU
		{46DCA6F9-89D4-1E0F-CF65-2D9D918C95D8}.Debug|Any CPU.Build.0 = Debug|Any CPU
		{46DCA6F9-89D4-1E0F-CF65-2D9D918C95D8}.Debug|ARM64.ActiveCfg = Debug|Any CPU
		{46DCA6F9-89D4-1E0F-CF65-2D9D918C95D8}.Debug|ARM64.Build.0 = Debug|Any CPU
		{46DCA6F9-89D4-1E0F-CF65-2D9D918C95D8}.Debug|x64.ActiveCfg = Debug|Any CPU
		{46DCA6F9-89D4-1E0F-CF65-2D9D918C95D8}.Debug|x64.Build.0 = Debug|Any CPU
		{46DCA6F9-89D4-1E0F-CF65-2D9D918C95D8}.Debug|x86.ActiveCfg = Debug|Any CPU
		{46DCA6F9-89D4-1E0F-CF65-2D9D918C95D8}.Debug|x86.Build.0 = Debug|Any CPU
		{46DCA6F9-89D4-1E0F-CF65-2D9D918C95D8}.Release|Any CPU.ActiveCfg = Release|Any CPU
		{46DCA6F9-89D4-1E0F-CF65-2D9D918C95D8}.Release|Any CPU.Build.0 = Release|Any CPU
		{46DCA6F9-89D4-1E0F-CF65-2D9D918C95D8}.Release|ARM64.ActiveCfg = Release|Any CPU
		{46DCA6F9-89D4-1E0F-CF65-2D9D918C95D8}.Release|ARM64.Build.0 = Release|Any CPU
		{46DCA6F9-89D4-1E0F-CF65-2D9D918C95D8}.Release|x64.ActiveCfg = Release|Any CPU
		{46DCA6F9-89D4-1E0F-CF65-2D9D918C95D8}.Release|x64.Build.0 = Release|Any CPU
		{46DCA6F9-89D4-1E0F-CF65-2D9D918C95D8}.Release|x86.ActiveCfg = Release|Any CPU
		{46DCA6F9-89D4-1E0F-CF65-2D9D918C95D8}.Release|x86.Build.0 = Release|Any CPU
		{392695F5-E055-CF47-12BB-6F0DC15389EC}.Debug|Any CPU.ActiveCfg = Debug|Any CPU
		{392695F5-E055-CF47-12BB-6F0DC15389EC}.Debug|Any CPU.Build.0 = Debug|Any CPU
		{392695F5-E055-CF47-12BB-6F0DC15389EC}.Debug|ARM64.ActiveCfg = Debug|Any CPU
		{392695F5-E055-CF47-12BB-6F0DC15389EC}.Debug|ARM64.Build.0 = Debug|Any CPU
		{392695F5-E055-CF47-12BB-6F0DC15389EC}.Debug|x64.ActiveCfg = Debug|Any CPU
		{392695F5-E055-CF47-12BB-6F0DC15389EC}.Debug|x64.Build.0 = Debug|Any CPU
		{392695F5-E055-CF47-12BB-6F0DC15389EC}.Debug|x86.ActiveCfg = Debug|Any CPU
		{392695F5-E055-CF47-12BB-6F0DC15389EC}.Debug|x86.Build.0 = Debug|Any CPU
		{392695F5-E055-CF47-12BB-6F0DC15389EC}.Release|Any CPU.ActiveCfg = Release|Any CPU
		{392695F5-E055-CF47-12BB-6F0DC15389EC}.Release|Any CPU.Build.0 = Release|Any CPU
		{392695F5-E055-CF47-12BB-6F0DC15389EC}.Release|ARM64.ActiveCfg = Release|Any CPU
		{392695F5-E055-CF47-12BB-6F0DC15389EC}.Release|ARM64.Build.0 = Release|Any CPU
		{392695F5-E055-CF47-12BB-6F0DC15389EC}.Release|x64.ActiveCfg = Release|Any CPU
		{392695F5-E055-CF47-12BB-6F0DC15389EC}.Release|x64.Build.0 = Release|Any CPU
		{392695F5-E055-CF47-12BB-6F0DC15389EC}.Release|x86.ActiveCfg = Release|Any CPU
		{392695F5-E055-CF47-12BB-6F0DC15389EC}.Release|x86.Build.0 = Release|Any CPU
		{6A117A2C-B1E1-F39B-E665-4E899150E841}.Debug|Any CPU.ActiveCfg = Debug|Any CPU
		{6A117A2C-B1E1-F39B-E665-4E899150E841}.Debug|Any CPU.Build.0 = Debug|Any CPU
		{6A117A2C-B1E1-F39B-E665-4E899150E841}.Debug|ARM64.ActiveCfg = Debug|Any CPU
		{6A117A2C-B1E1-F39B-E665-4E899150E841}.Debug|ARM64.Build.0 = Debug|Any CPU
		{6A117A2C-B1E1-F39B-E665-4E899150E841}.Debug|x64.ActiveCfg = Debug|Any CPU
		{6A117A2C-B1E1-F39B-E665-4E899150E841}.Debug|x64.Build.0 = Debug|Any CPU
		{6A117A2C-B1E1-F39B-E665-4E899150E841}.Debug|x86.ActiveCfg = Debug|Any CPU
		{6A117A2C-B1E1-F39B-E665-4E899150E841}.Debug|x86.Build.0 = Debug|Any CPU
		{6A117A2C-B1E1-F39B-E665-4E899150E841}.Release|Any CPU.ActiveCfg = Release|Any CPU
		{6A117A2C-B1E1-F39B-E665-4E899150E841}.Release|Any CPU.Build.0 = Release|Any CPU
		{6A117A2C-B1E1-F39B-E665-4E899150E841}.Release|ARM64.ActiveCfg = Release|Any CPU
		{6A117A2C-B1E1-F39B-E665-4E899150E841}.Release|ARM64.Build.0 = Release|Any CPU
		{6A117A2C-B1E1-F39B-E665-4E899150E841}.Release|x64.ActiveCfg = Release|Any CPU
		{6A117A2C-B1E1-F39B-E665-4E899150E841}.Release|x64.Build.0 = Release|Any CPU
		{6A117A2C-B1E1-F39B-E665-4E899150E841}.Release|x86.ActiveCfg = Release|Any CPU
		{6A117A2C-B1E1-F39B-E665-4E899150E841}.Release|x86.Build.0 = Release|Any CPU
		{36EAB7CF-4A01-04F8-86F3-10680F5576DF}.Debug|Any CPU.ActiveCfg = Debug|Any CPU
		{36EAB7CF-4A01-04F8-86F3-10680F5576DF}.Debug|Any CPU.Build.0 = Debug|Any CPU
		{36EAB7CF-4A01-04F8-86F3-10680F5576DF}.Debug|ARM64.ActiveCfg = Debug|Any CPU
		{36EAB7CF-4A01-04F8-86F3-10680F5576DF}.Debug|ARM64.Build.0 = Debug|Any CPU
		{36EAB7CF-4A01-04F8-86F3-10680F5576DF}.Debug|x64.ActiveCfg = Debug|Any CPU
		{36EAB7CF-4A01-04F8-86F3-10680F5576DF}.Debug|x64.Build.0 = Debug|Any CPU
		{36EAB7CF-4A01-04F8-86F3-10680F5576DF}.Debug|x86.ActiveCfg = Debug|Any CPU
		{36EAB7CF-4A01-04F8-86F3-10680F5576DF}.Debug|x86.Build.0 = Debug|Any CPU
		{36EAB7CF-4A01-04F8-86F3-10680F5576DF}.Release|Any CPU.ActiveCfg = Release|Any CPU
		{36EAB7CF-4A01-04F8-86F3-10680F5576DF}.Release|Any CPU.Build.0 = Release|Any CPU
		{36EAB7CF-4A01-04F8-86F3-10680F5576DF}.Release|ARM64.ActiveCfg = Release|Any CPU
		{36EAB7CF-4A01-04F8-86F3-10680F5576DF}.Release|ARM64.Build.0 = Release|Any CPU
		{36EAB7CF-4A01-04F8-86F3-10680F5576DF}.Release|x64.ActiveCfg = Release|Any CPU
		{36EAB7CF-4A01-04F8-86F3-10680F5576DF}.Release|x64.Build.0 = Release|Any CPU
		{36EAB7CF-4A01-04F8-86F3-10680F5576DF}.Release|x86.ActiveCfg = Release|Any CPU
		{36EAB7CF-4A01-04F8-86F3-10680F5576DF}.Release|x86.Build.0 = Release|Any CPU
		{DE1C6F3F-24B4-1367-B1E8-DB701FE470B0}.Debug|Any CPU.ActiveCfg = Debug|Any CPU
		{DE1C6F3F-24B4-1367-B1E8-DB701FE470B0}.Debug|Any CPU.Build.0 = Debug|Any CPU
		{DE1C6F3F-24B4-1367-B1E8-DB701FE470B0}.Debug|ARM64.ActiveCfg = Debug|Any CPU
		{DE1C6F3F-24B4-1367-B1E8-DB701FE470B0}.Debug|ARM64.Build.0 = Debug|Any CPU
		{DE1C6F3F-24B4-1367-B1E8-DB701FE470B0}.Debug|x64.ActiveCfg = Debug|Any CPU
		{DE1C6F3F-24B4-1367-B1E8-DB701FE470B0}.Debug|x64.Build.0 = Debug|Any CPU
		{DE1C6F3F-24B4-1367-B1E8-DB701FE470B0}.Debug|x86.ActiveCfg = Debug|Any CPU
		{DE1C6F3F-24B4-1367-B1E8-DB701FE470B0}.Debug|x86.Build.0 = Debug|Any CPU
		{DE1C6F3F-24B4-1367-B1E8-DB701FE470B0}.Release|Any CPU.ActiveCfg = Release|Any CPU
		{DE1C6F3F-24B4-1367-B1E8-DB701FE470B0}.Release|Any CPU.Build.0 = Release|Any CPU
		{DE1C6F3F-24B4-1367-B1E8-DB701FE470B0}.Release|ARM64.ActiveCfg = Release|Any CPU
		{DE1C6F3F-24B4-1367-B1E8-DB701FE470B0}.Release|ARM64.Build.0 = Release|Any CPU
		{DE1C6F3F-24B4-1367-B1E8-DB701FE470B0}.Release|x64.ActiveCfg = Release|Any CPU
		{DE1C6F3F-24B4-1367-B1E8-DB701FE470B0}.Release|x64.Build.0 = Release|Any CPU
		{DE1C6F3F-24B4-1367-B1E8-DB701FE470B0}.Release|x86.ActiveCfg = Release|Any CPU
		{DE1C6F3F-24B4-1367-B1E8-DB701FE470B0}.Release|x86.Build.0 = Release|Any CPU
		{6FF58AAA-CDDF-75EE-9619-0085B97405B4}.Debug|Any CPU.ActiveCfg = Debug|Any CPU
		{6FF58AAA-CDDF-75EE-9619-0085B97405B4}.Debug|Any CPU.Build.0 = Debug|Any CPU
		{6FF58AAA-CDDF-75EE-9619-0085B97405B4}.Debug|ARM64.ActiveCfg = Debug|Any CPU
		{6FF58AAA-CDDF-75EE-9619-0085B97405B4}.Debug|ARM64.Build.0 = Debug|Any CPU
		{6FF58AAA-CDDF-75EE-9619-0085B97405B4}.Debug|x64.ActiveCfg = Debug|Any CPU
		{6FF58AAA-CDDF-75EE-9619-0085B97405B4}.Debug|x64.Build.0 = Debug|Any CPU
		{6FF58AAA-CDDF-75EE-9619-0085B97405B4}.Debug|x86.ActiveCfg = Debug|Any CPU
		{6FF58AAA-CDDF-75EE-9619-0085B97405B4}.Debug|x86.Build.0 = Debug|Any CPU
		{6FF58AAA-CDDF-75EE-9619-0085B97405B4}.Release|Any CPU.ActiveCfg = Release|Any CPU
		{6FF58AAA-CDDF-75EE-9619-0085B97405B4}.Release|Any CPU.Build.0 = Release|Any CPU
		{6FF58AAA-CDDF-75EE-9619-0085B97405B4}.Release|ARM64.ActiveCfg = Release|Any CPU
		{6FF58AAA-CDDF-75EE-9619-0085B97405B4}.Release|ARM64.Build.0 = Release|Any CPU
		{6FF58AAA-CDDF-75EE-9619-0085B97405B4}.Release|x64.ActiveCfg = Release|Any CPU
		{6FF58AAA-CDDF-75EE-9619-0085B97405B4}.Release|x64.Build.0 = Release|Any CPU
		{6FF58AAA-CDDF-75EE-9619-0085B97405B4}.Release|x86.ActiveCfg = Release|Any CPU
		{6FF58AAA-CDDF-75EE-9619-0085B97405B4}.Release|x86.Build.0 = Release|Any CPU
		{9429B63C-98D4-E723-6BCD-6D26A89C91DB}.Debug|Any CPU.ActiveCfg = Debug|Any CPU
		{9429B63C-98D4-E723-6BCD-6D26A89C91DB}.Debug|Any CPU.Build.0 = Debug|Any CPU
		{9429B63C-98D4-E723-6BCD-6D26A89C91DB}.Debug|ARM64.ActiveCfg = Debug|Any CPU
		{9429B63C-98D4-E723-6BCD-6D26A89C91DB}.Debug|ARM64.Build.0 = Debug|Any CPU
		{9429B63C-98D4-E723-6BCD-6D26A89C91DB}.Debug|x64.ActiveCfg = Debug|Any CPU
		{9429B63C-98D4-E723-6BCD-6D26A89C91DB}.Debug|x64.Build.0 = Debug|Any CPU
		{9429B63C-98D4-E723-6BCD-6D26A89C91DB}.Debug|x86.ActiveCfg = Debug|Any CPU
		{9429B63C-98D4-E723-6BCD-6D26A89C91DB}.Debug|x86.Build.0 = Debug|Any CPU
		{9429B63C-98D4-E723-6BCD-6D26A89C91DB}.Release|Any CPU.ActiveCfg = Release|Any CPU
		{9429B63C-98D4-E723-6BCD-6D26A89C91DB}.Release|Any CPU.Build.0 = Release|Any CPU
		{9429B63C-98D4-E723-6BCD-6D26A89C91DB}.Release|ARM64.ActiveCfg = Release|Any CPU
		{9429B63C-98D4-E723-6BCD-6D26A89C91DB}.Release|ARM64.Build.0 = Release|Any CPU
		{9429B63C-98D4-E723-6BCD-6D26A89C91DB}.Release|x64.ActiveCfg = Release|Any CPU
		{9429B63C-98D4-E723-6BCD-6D26A89C91DB}.Release|x64.Build.0 = Release|Any CPU
		{9429B63C-98D4-E723-6BCD-6D26A89C91DB}.Release|x86.ActiveCfg = Release|Any CPU
		{9429B63C-98D4-E723-6BCD-6D26A89C91DB}.Release|x86.Build.0 = Release|Any CPU
		{F2AD4208-C18D-52C9-E8E5-92B31A8D3AF9}.Debug|Any CPU.ActiveCfg = Debug|Any CPU
		{F2AD4208-C18D-52C9-E8E5-92B31A8D3AF9}.Debug|Any CPU.Build.0 = Debug|Any CPU
		{F2AD4208-C18D-52C9-E8E5-92B31A8D3AF9}.Debug|ARM64.ActiveCfg = Debug|Any CPU
		{F2AD4208-C18D-52C9-E8E5-92B31A8D3AF9}.Debug|ARM64.Build.0 = Debug|Any CPU
		{F2AD4208-C18D-52C9-E8E5-92B31A8D3AF9}.Debug|x64.ActiveCfg = Debug|Any CPU
		{F2AD4208-C18D-52C9-E8E5-92B31A8D3AF9}.Debug|x64.Build.0 = Debug|Any CPU
		{F2AD4208-C18D-52C9-E8E5-92B31A8D3AF9}.Debug|x86.ActiveCfg = Debug|Any CPU
		{F2AD4208-C18D-52C9-E8E5-92B31A8D3AF9}.Debug|x86.Build.0 = Debug|Any CPU
		{F2AD4208-C18D-52C9-E8E5-92B31A8D3AF9}.Release|Any CPU.ActiveCfg = Release|Any CPU
		{F2AD4208-C18D-52C9-E8E5-92B31A8D3AF9}.Release|Any CPU.Build.0 = Release|Any CPU
		{F2AD4208-C18D-52C9-E8E5-92B31A8D3AF9}.Release|ARM64.ActiveCfg = Release|Any CPU
		{F2AD4208-C18D-52C9-E8E5-92B31A8D3AF9}.Release|ARM64.Build.0 = Release|Any CPU
		{F2AD4208-C18D-52C9-E8E5-92B31A8D3AF9}.Release|x64.ActiveCfg = Release|Any CPU
		{F2AD4208-C18D-52C9-E8E5-92B31A8D3AF9}.Release|x64.Build.0 = Release|Any CPU
		{F2AD4208-C18D-52C9-E8E5-92B31A8D3AF9}.Release|x86.ActiveCfg = Release|Any CPU
		{F2AD4208-C18D-52C9-E8E5-92B31A8D3AF9}.Release|x86.Build.0 = Release|Any CPU
		{E1EE305A-4826-BB7F-9F0A-6581119B8B45}.Debug|Any CPU.ActiveCfg = Debug|Any CPU
		{E1EE305A-4826-BB7F-9F0A-6581119B8B45}.Debug|Any CPU.Build.0 = Debug|Any CPU
		{E1EE305A-4826-BB7F-9F0A-6581119B8B45}.Debug|ARM64.ActiveCfg = Debug|Any CPU
		{E1EE305A-4826-BB7F-9F0A-6581119B8B45}.Debug|ARM64.Build.0 = Debug|Any CPU
		{E1EE305A-4826-BB7F-9F0A-6581119B8B45}.Debug|x64.ActiveCfg = Debug|Any CPU
		{E1EE305A-4826-BB7F-9F0A-6581119B8B45}.Debug|x64.Build.0 = Debug|Any CPU
		{E1EE305A-4826-BB7F-9F0A-6581119B8B45}.Debug|x86.ActiveCfg = Debug|Any CPU
		{E1EE305A-4826-BB7F-9F0A-6581119B8B45}.Debug|x86.Build.0 = Debug|Any CPU
		{E1EE305A-4826-BB7F-9F0A-6581119B8B45}.Release|Any CPU.ActiveCfg = Release|Any CPU
		{E1EE305A-4826-BB7F-9F0A-6581119B8B45}.Release|Any CPU.Build.0 = Release|Any CPU
		{E1EE305A-4826-BB7F-9F0A-6581119B8B45}.Release|ARM64.ActiveCfg = Release|Any CPU
		{E1EE305A-4826-BB7F-9F0A-6581119B8B45}.Release|ARM64.Build.0 = Release|Any CPU
		{E1EE305A-4826-BB7F-9F0A-6581119B8B45}.Release|x64.ActiveCfg = Release|Any CPU
		{E1EE305A-4826-BB7F-9F0A-6581119B8B45}.Release|x64.Build.0 = Release|Any CPU
		{E1EE305A-4826-BB7F-9F0A-6581119B8B45}.Release|x86.ActiveCfg = Release|Any CPU
		{E1EE305A-4826-BB7F-9F0A-6581119B8B45}.Release|x86.Build.0 = Release|Any CPU
		{6660C8B0-19E4-F425-3911-CE21F991AA5C}.Debug|Any CPU.ActiveCfg = Debug|Any CPU
		{6660C8B0-19E4-F425-3911-CE21F991AA5C}.Debug|Any CPU.Build.0 = Debug|Any CPU
		{6660C8B0-19E4-F425-3911-CE21F991AA5C}.Debug|ARM64.ActiveCfg = Debug|Any CPU
		{6660C8B0-19E4-F425-3911-CE21F991AA5C}.Debug|ARM64.Build.0 = Debug|Any CPU
		{6660C8B0-19E4-F425-3911-CE21F991AA5C}.Debug|x64.ActiveCfg = Debug|Any CPU
		{6660C8B0-19E4-F425-3911-CE21F991AA5C}.Debug|x64.Build.0 = Debug|Any CPU
		{6660C8B0-19E4-F425-3911-CE21F991AA5C}.Debug|x86.ActiveCfg = Debug|Any CPU
		{6660C8B0-19E4-F425-3911-CE21F991AA5C}.Debug|x86.Build.0 = Debug|Any CPU
		{6660C8B0-19E4-F425-3911-CE21F991AA5C}.Release|Any CPU.ActiveCfg = Release|Any CPU
		{6660C8B0-19E4-F425-3911-CE21F991AA5C}.Release|Any CPU.Build.0 = Release|Any CPU
		{6660C8B0-19E4-F425-3911-CE21F991AA5C}.Release|ARM64.ActiveCfg = Release|Any CPU
		{6660C8B0-19E4-F425-3911-CE21F991AA5C}.Release|ARM64.Build.0 = Release|Any CPU
		{6660C8B0-19E4-F425-3911-CE21F991AA5C}.Release|x64.ActiveCfg = Release|Any CPU
		{6660C8B0-19E4-F425-3911-CE21F991AA5C}.Release|x64.Build.0 = Release|Any CPU
		{6660C8B0-19E4-F425-3911-CE21F991AA5C}.Release|x86.ActiveCfg = Release|Any CPU
		{6660C8B0-19E4-F425-3911-CE21F991AA5C}.Release|x86.Build.0 = Release|Any CPU
		{87B9DE0F-A7E0-2AAA-9AD2-3CE754D2F126}.Debug|Any CPU.ActiveCfg = Debug|Any CPU
		{87B9DE0F-A7E0-2AAA-9AD2-3CE754D2F126}.Debug|Any CPU.Build.0 = Debug|Any CPU
		{87B9DE0F-A7E0-2AAA-9AD2-3CE754D2F126}.Debug|ARM64.ActiveCfg = Debug|Any CPU
		{87B9DE0F-A7E0-2AAA-9AD2-3CE754D2F126}.Debug|ARM64.Build.0 = Debug|Any CPU
		{87B9DE0F-A7E0-2AAA-9AD2-3CE754D2F126}.Debug|x64.ActiveCfg = Debug|Any CPU
		{87B9DE0F-A7E0-2AAA-9AD2-3CE754D2F126}.Debug|x64.Build.0 = Debug|Any CPU
		{87B9DE0F-A7E0-2AAA-9AD2-3CE754D2F126}.Debug|x86.ActiveCfg = Debug|Any CPU
		{87B9DE0F-A7E0-2AAA-9AD2-3CE754D2F126}.Debug|x86.Build.0 = Debug|Any CPU
		{87B9DE0F-A7E0-2AAA-9AD2-3CE754D2F126}.Release|Any CPU.ActiveCfg = Release|Any CPU
		{87B9DE0F-A7E0-2AAA-9AD2-3CE754D2F126}.Release|Any CPU.Build.0 = Release|Any CPU
		{87B9DE0F-A7E0-2AAA-9AD2-3CE754D2F126}.Release|ARM64.ActiveCfg = Release|Any CPU
		{87B9DE0F-A7E0-2AAA-9AD2-3CE754D2F126}.Release|ARM64.Build.0 = Release|Any CPU
		{87B9DE0F-A7E0-2AAA-9AD2-3CE754D2F126}.Release|x64.ActiveCfg = Release|Any CPU
		{87B9DE0F-A7E0-2AAA-9AD2-3CE754D2F126}.Release|x64.Build.0 = Release|Any CPU
		{87B9DE0F-A7E0-2AAA-9AD2-3CE754D2F126}.Release|x86.ActiveCfg = Release|Any CPU
		{87B9DE0F-A7E0-2AAA-9AD2-3CE754D2F126}.Release|x86.Build.0 = Release|Any CPU
		{93FF14A1-6AC7-6CBE-42DE-889A17A7A9B3}.Debug|Any CPU.ActiveCfg = Debug|Any CPU
		{93FF14A1-6AC7-6CBE-42DE-889A17A7A9B3}.Debug|Any CPU.Build.0 = Debug|Any CPU
		{93FF14A1-6AC7-6CBE-42DE-889A17A7A9B3}.Debug|ARM64.ActiveCfg = Debug|Any CPU
		{93FF14A1-6AC7-6CBE-42DE-889A17A7A9B3}.Debug|ARM64.Build.0 = Debug|Any CPU
		{93FF14A1-6AC7-6CBE-42DE-889A17A7A9B3}.Debug|x64.ActiveCfg = Debug|Any CPU
		{93FF14A1-6AC7-6CBE-42DE-889A17A7A9B3}.Debug|x64.Build.0 = Debug|Any CPU
		{93FF14A1-6AC7-6CBE-42DE-889A17A7A9B3}.Debug|x86.ActiveCfg = Debug|Any CPU
		{93FF14A1-6AC7-6CBE-42DE-889A17A7A9B3}.Debug|x86.Build.0 = Debug|Any CPU
		{93FF14A1-6AC7-6CBE-42DE-889A17A7A9B3}.Release|Any CPU.ActiveCfg = Release|Any CPU
		{93FF14A1-6AC7-6CBE-42DE-889A17A7A9B3}.Release|Any CPU.Build.0 = Release|Any CPU
		{93FF14A1-6AC7-6CBE-42DE-889A17A7A9B3}.Release|ARM64.ActiveCfg = Release|Any CPU
		{93FF14A1-6AC7-6CBE-42DE-889A17A7A9B3}.Release|ARM64.Build.0 = Release|Any CPU
		{93FF14A1-6AC7-6CBE-42DE-889A17A7A9B3}.Release|x64.ActiveCfg = Release|Any CPU
		{93FF14A1-6AC7-6CBE-42DE-889A17A7A9B3}.Release|x64.Build.0 = Release|Any CPU
		{93FF14A1-6AC7-6CBE-42DE-889A17A7A9B3}.Release|x86.ActiveCfg = Release|Any CPU
		{93FF14A1-6AC7-6CBE-42DE-889A17A7A9B3}.Release|x86.Build.0 = Release|Any CPU
		{7F042FCC-2C2E-3BE5-6AFC-620DC01DE84B}.Debug|Any CPU.ActiveCfg = Debug|Any CPU
		{7F042FCC-2C2E-3BE5-6AFC-620DC01DE84B}.Debug|Any CPU.Build.0 = Debug|Any CPU
		{7F042FCC-2C2E-3BE5-6AFC-620DC01DE84B}.Debug|ARM64.ActiveCfg = Debug|Any CPU
		{7F042FCC-2C2E-3BE5-6AFC-620DC01DE84B}.Debug|ARM64.Build.0 = Debug|Any CPU
		{7F042FCC-2C2E-3BE5-6AFC-620DC01DE84B}.Debug|x64.ActiveCfg = Debug|Any CPU
		{7F042FCC-2C2E-3BE5-6AFC-620DC01DE84B}.Debug|x64.Build.0 = Debug|Any CPU
		{7F042FCC-2C2E-3BE5-6AFC-620DC01DE84B}.Debug|x86.ActiveCfg = Debug|Any CPU
		{7F042FCC-2C2E-3BE5-6AFC-620DC01DE84B}.Debug|x86.Build.0 = Debug|Any CPU
		{7F042FCC-2C2E-3BE5-6AFC-620DC01DE84B}.Release|Any CPU.ActiveCfg = Release|Any CPU
		{7F042FCC-2C2E-3BE5-6AFC-620DC01DE84B}.Release|Any CPU.Build.0 = Release|Any CPU
		{7F042FCC-2C2E-3BE5-6AFC-620DC01DE84B}.Release|ARM64.ActiveCfg = Release|Any CPU
		{7F042FCC-2C2E-3BE5-6AFC-620DC01DE84B}.Release|ARM64.Build.0 = Release|Any CPU
		{7F042FCC-2C2E-3BE5-6AFC-620DC01DE84B}.Release|x64.ActiveCfg = Release|Any CPU
		{7F042FCC-2C2E-3BE5-6AFC-620DC01DE84B}.Release|x64.Build.0 = Release|Any CPU
		{7F042FCC-2C2E-3BE5-6AFC-620DC01DE84B}.Release|x86.ActiveCfg = Release|Any CPU
		{7F042FCC-2C2E-3BE5-6AFC-620DC01DE84B}.Release|x86.Build.0 = Release|Any CPU
		{DB126B78-6346-4DF4-9A56-6AB4A1C5CCF5}.Debug|Any CPU.ActiveCfg = Debug|x64
		{DB126B78-6346-4DF4-9A56-6AB4A1C5CCF5}.Debug|Any CPU.Build.0 = Debug|x64
		{DB126B78-6346-4DF4-9A56-6AB4A1C5CCF5}.Debug|ARM64.ActiveCfg = Debug|ARM64
		{DB126B78-6346-4DF4-9A56-6AB4A1C5CCF5}.Debug|ARM64.Build.0 = Debug|ARM64
		{DB126B78-6346-4DF4-9A56-6AB4A1C5CCF5}.Debug|x64.ActiveCfg = Debug|x86
		{DB126B78-6346-4DF4-9A56-6AB4A1C5CCF5}.Debug|x64.Build.0 = Debug|x86
		{DB126B78-6346-4DF4-9A56-6AB4A1C5CCF5}.Debug|x86.ActiveCfg = Debug|x86
		{DB126B78-6346-4DF4-9A56-6AB4A1C5CCF5}.Debug|x86.Build.0 = Debug|x86
		{DB126B78-6346-4DF4-9A56-6AB4A1C5CCF5}.Release|Any CPU.ActiveCfg = Release|x64
		{DB126B78-6346-4DF4-9A56-6AB4A1C5CCF5}.Release|Any CPU.Build.0 = Release|x64
		{DB126B78-6346-4DF4-9A56-6AB4A1C5CCF5}.Release|ARM64.ActiveCfg = Release|ARM64
		{DB126B78-6346-4DF4-9A56-6AB4A1C5CCF5}.Release|ARM64.Build.0 = Release|ARM64
		{DB126B78-6346-4DF4-9A56-6AB4A1C5CCF5}.Release|x64.ActiveCfg = Release|x86
		{DB126B78-6346-4DF4-9A56-6AB4A1C5CCF5}.Release|x64.Build.0 = Release|x86
		{DB126B78-6346-4DF4-9A56-6AB4A1C5CCF5}.Release|x86.ActiveCfg = Release|x86
		{DB126B78-6346-4DF4-9A56-6AB4A1C5CCF5}.Release|x86.Build.0 = Release|x86
		{31DED21D-4745-97CD-85CA-346A2B11CFE8}.Debug|Any CPU.ActiveCfg = Debug|x64
		{31DED21D-4745-97CD-85CA-346A2B11CFE8}.Debug|Any CPU.Build.0 = Debug|x64
		{31DED21D-4745-97CD-85CA-346A2B11CFE8}.Debug|ARM64.ActiveCfg = Debug|ARM64
		{31DED21D-4745-97CD-85CA-346A2B11CFE8}.Debug|ARM64.Build.0 = Debug|ARM64
		{31DED21D-4745-97CD-85CA-346A2B11CFE8}.Debug|x64.ActiveCfg = Debug|x64
		{31DED21D-4745-97CD-85CA-346A2B11CFE8}.Debug|x64.Build.0 = Debug|x64
		{31DED21D-4745-97CD-85CA-346A2B11CFE8}.Debug|x86.ActiveCfg = Debug|x86
		{31DED21D-4745-97CD-85CA-346A2B11CFE8}.Debug|x86.Build.0 = Debug|x86
		{31DED21D-4745-97CD-85CA-346A2B11CFE8}.Release|Any CPU.ActiveCfg = Release|x64
		{31DED21D-4745-97CD-85CA-346A2B11CFE8}.Release|Any CPU.Build.0 = Release|x64
		{31DED21D-4745-97CD-85CA-346A2B11CFE8}.Release|ARM64.ActiveCfg = Release|ARM64
		{31DED21D-4745-97CD-85CA-346A2B11CFE8}.Release|ARM64.Build.0 = Release|ARM64
		{31DED21D-4745-97CD-85CA-346A2B11CFE8}.Release|x64.ActiveCfg = Release|x64
		{31DED21D-4745-97CD-85CA-346A2B11CFE8}.Release|x64.Build.0 = Release|x64
		{31DED21D-4745-97CD-85CA-346A2B11CFE8}.Release|x86.ActiveCfg = Release|x86
		{31DED21D-4745-97CD-85CA-346A2B11CFE8}.Release|x86.Build.0 = Release|x86
		{E80FC086-E722-2F3D-D701-7D24E218F65F}.Debug|Any CPU.ActiveCfg = Debug|Any CPU
		{E80FC086-E722-2F3D-D701-7D24E218F65F}.Debug|Any CPU.Build.0 = Debug|Any CPU
		{E80FC086-E722-2F3D-D701-7D24E218F65F}.Debug|ARM64.ActiveCfg = Debug|Any CPU
		{E80FC086-E722-2F3D-D701-7D24E218F65F}.Debug|ARM64.Build.0 = Debug|Any CPU
		{E80FC086-E722-2F3D-D701-7D24E218F65F}.Debug|x64.ActiveCfg = Debug|Any CPU
		{E80FC086-E722-2F3D-D701-7D24E218F65F}.Debug|x64.Build.0 = Debug|Any CPU
		{E80FC086-E722-2F3D-D701-7D24E218F65F}.Debug|x86.ActiveCfg = Debug|Any CPU
		{E80FC086-E722-2F3D-D701-7D24E218F65F}.Debug|x86.Build.0 = Debug|Any CPU
		{E80FC086-E722-2F3D-D701-7D24E218F65F}.Release|Any CPU.ActiveCfg = Release|Any CPU
		{E80FC086-E722-2F3D-D701-7D24E218F65F}.Release|Any CPU.Build.0 = Release|Any CPU
		{E80FC086-E722-2F3D-D701-7D24E218F65F}.Release|ARM64.ActiveCfg = Release|Any CPU
		{E80FC086-E722-2F3D-D701-7D24E218F65F}.Release|ARM64.Build.0 = Release|Any CPU
		{E80FC086-E722-2F3D-D701-7D24E218F65F}.Release|x64.ActiveCfg = Release|Any CPU
		{E80FC086-E722-2F3D-D701-7D24E218F65F}.Release|x64.Build.0 = Release|Any CPU
		{E80FC086-E722-2F3D-D701-7D24E218F65F}.Release|x86.ActiveCfg = Release|Any CPU
		{E80FC086-E722-2F3D-D701-7D24E218F65F}.Release|x86.Build.0 = Release|Any CPU
	EndGlobalSection
	GlobalSection(SolutionProperties) = preSolution
		HideSolutionNode = FALSE
	EndGlobalSection
	GlobalSection(NestedProjects) = preSolution
		{7627FCCB-4565-4018-AF36-B02F56291F11} = {A215DB22-0E27-4375-9C69-D778C515EB50}
		{657034AC-DF65-4800-9348-212A6140DDD4} = {A215DB22-0E27-4375-9C69-D778C515EB50}
		{C673951A-9C2F-E077-3EEB-2D0B7BEE2D21} = {02EA681E-C7D8-13C7-8484-4AC65E1B71E8}
		{28831BC4-765C-B32F-6BCB-DD3CF4341231} = {02EA681E-C7D8-13C7-8484-4AC65E1B71E8}
		{F7667C6D-3111-4ECB-B40E-709767710919} = {02EA681E-C7D8-13C7-8484-4AC65E1B71E8}
		{251EB182-62D8-42B2-9904-5996FB66F9A1} = {F7667C6D-3111-4ECB-B40E-709767710919}
		{1A8FA52A-BA5A-9578-DF2A-A84BA1550186} = {251EB182-62D8-42B2-9904-5996FB66F9A1}
		{D8F908FA-B0E7-84C1-A2A0-90A6DD7F9325} = {251EB182-62D8-42B2-9904-5996FB66F9A1}
		{0DE2576C-95A1-36D4-8FCA-06AC7802BEA1} = {251EB182-62D8-42B2-9904-5996FB66F9A1}
		{B773942D-F8BB-525D-260D-84C70A8DE1BB} = {251EB182-62D8-42B2-9904-5996FB66F9A1}
		{926B79B9-46A5-46FE-9A9B-BE7598E21AD1} = {251EB182-62D8-42B2-9904-5996FB66F9A1}
		{9D3241F6-2221-4353-BDA7-31DD0D205486} = {251EB182-62D8-42B2-9904-5996FB66F9A1}
		{FB11B550-02D7-F48E-9BB8-C5F39AD3A08E} = {926B79B9-46A5-46FE-9A9B-BE7598E21AD1}
		{34DCE76C-6DBF-CF17-4963-9FD10AEC6A44} = {926B79B9-46A5-46FE-9A9B-BE7598E21AD1}
		{33EAF60C-A443-C4FE-FDC5-4E492909F184} = {926B79B9-46A5-46FE-9A9B-BE7598E21AD1}
		{D545B8AA-3ED2-453C-93C2-EE5169D1B162} = {926B79B9-46A5-46FE-9A9B-BE7598E21AD1}
		{E432B700-B5BE-C66D-8F8A-0EF19692647B} = {926B79B9-46A5-46FE-9A9B-BE7598E21AD1}
		{58EBF24A-D3B4-3173-4597-7EF7669B3E1C} = {926B79B9-46A5-46FE-9A9B-BE7598E21AD1}
		{8E5BF288-73D3-1E54-DC8D-8501E47A742D} = {926B79B9-46A5-46FE-9A9B-BE7598E21AD1}
		{5971707D-766A-AAEC-E822-5E5C4065D841} = {9D3241F6-2221-4353-BDA7-31DD0D205486}
		{A32E18B3-5635-0E0A-43E5-B39404A6D28A} = {9D3241F6-2221-4353-BDA7-31DD0D205486}
		{2AEDBD67-3CAF-46AE-534B-9E3F1308AB60} = {9D3241F6-2221-4353-BDA7-31DD0D205486}
		{D198B23C-CC80-5565-A18F-9F4E2B2245A9} = {9D3241F6-2221-4353-BDA7-31DD0D205486}
		{1B53A0E1-26F4-6D41-B4FB-4FBE94AC0D30} = {9D3241F6-2221-4353-BDA7-31DD0D205486}
		{50482797-E14D-4B7F-BB6E-CC0D3D5B5187} = {F7667C6D-3111-4ECB-B40E-709767710919}
		{7449DC43-205F-E668-2D2F-5B7F48E09D37} = {50482797-E14D-4B7F-BB6E-CC0D3D5B5187}
		{20522950-6162-318C-6E47-7AEA29182465} = {50482797-E14D-4B7F-BB6E-CC0D3D5B5187}
		{E239A98D-382C-94EE-B893-610A6EE10412} = {50482797-E14D-4B7F-BB6E-CC0D3D5B5187}
		{636CA049-2B16-2EAE-138E-2635CA8BFB46} = {50482797-E14D-4B7F-BB6E-CC0D3D5B5187}
		{A11567A2-874F-7C63-4BC7-79558CC003EC} = {50482797-E14D-4B7F-BB6E-CC0D3D5B5187}
		{519AD86F-C8F9-C01E-E7E9-BD9E654B69E7} = {50482797-E14D-4B7F-BB6E-CC0D3D5B5187}
		{5EB72567-6069-4D74-8013-59BC13DCD52D} = {50482797-E14D-4B7F-BB6E-CC0D3D5B5187}
		{BB43E206-9DA4-4B45-8011-4AAAFB034D48} = {50482797-E14D-4B7F-BB6E-CC0D3D5B5187}
		{5A307E2C-93FE-4A8F-8252-90BD6DB34511} = {50482797-E14D-4B7F-BB6E-CC0D3D5B5187}
		{36008385-5A04-88B2-954F-38F1D68C1B96} = {5A307E2C-93FE-4A8F-8252-90BD6DB34511}
		{51A8F75D-C284-4AC1-C88E-79D170F95FA6} = {5A307E2C-93FE-4A8F-8252-90BD6DB34511}
		{E04696D2-6E6C-2D5C-5145-1E4A4B50600A} = {5A307E2C-93FE-4A8F-8252-90BD6DB34511}
		{61E74E0C-2777-9E0E-B159-4C45A47EC48A} = {5A307E2C-93FE-4A8F-8252-90BD6DB34511}
		{8D0656FF-CE68-737E-5D08-EFA309652024} = {5A307E2C-93FE-4A8F-8252-90BD6DB34511}
		{84F3856B-35AC-C4C6-3609-A288C5F05046} = {BB43E206-9DA4-4B45-8011-4AAAFB034D48}
		{E868F177-6652-376E-23B0-E42BB8EC7C12} = {BB43E206-9DA4-4B45-8011-4AAAFB034D48}
		{B1FBB8D1-6262-6E2C-4916-4CDF285EFC31} = {BB43E206-9DA4-4B45-8011-4AAAFB034D48}
		{46DCA6F9-89D4-1E0F-CF65-2D9D918C95D8} = {BB43E206-9DA4-4B45-8011-4AAAFB034D48}
		{392695F5-E055-CF47-12BB-6F0DC15389EC} = {BB43E206-9DA4-4B45-8011-4AAAFB034D48}
		{6A117A2C-B1E1-F39B-E665-4E899150E841} = {5EB72567-6069-4D74-8013-59BC13DCD52D}
		{36EAB7CF-4A01-04F8-86F3-10680F5576DF} = {5EB72567-6069-4D74-8013-59BC13DCD52D}
		{DE1C6F3F-24B4-1367-B1E8-DB701FE470B0} = {5EB72567-6069-4D74-8013-59BC13DCD52D}
		{6FF58AAA-CDDF-75EE-9619-0085B97405B4} = {5EB72567-6069-4D74-8013-59BC13DCD52D}
		{9429B63C-98D4-E723-6BCD-6D26A89C91DB} = {5EB72567-6069-4D74-8013-59BC13DCD52D}
		{F2AD4208-C18D-52C9-E8E5-92B31A8D3AF9} = {5EB72567-6069-4D74-8013-59BC13DCD52D}
		{E1EE305A-4826-BB7F-9F0A-6581119B8B45} = {5EB72567-6069-4D74-8013-59BC13DCD52D}
		{6660C8B0-19E4-F425-3911-CE21F991AA5C} = {F7667C6D-3111-4ECB-B40E-709767710919}
		{87B9DE0F-A7E0-2AAA-9AD2-3CE754D2F126} = {F7667C6D-3111-4ECB-B40E-709767710919}
		{93FF14A1-6AC7-6CBE-42DE-889A17A7A9B3} = {F7667C6D-3111-4ECB-B40E-709767710919}
		{7F042FCC-2C2E-3BE5-6AFC-620DC01DE84B} = {F7667C6D-3111-4ECB-B40E-709767710919}
		{DB126B78-6346-4DF4-9A56-6AB4A1C5CCF5} = {A215DB22-0E27-4375-9C69-D778C515EB50}
		{31DED21D-4745-97CD-85CA-346A2B11CFE8} = {A215DB22-0E27-4375-9C69-D778C515EB50}
		{E80FC086-E722-2F3D-D701-7D24E218F65F} = {5A307E2C-93FE-4A8F-8252-90BD6DB34511}
	EndGlobalSection
	GlobalSection(ExtensibilityGlobals) = postSolution
		SolutionGuid = {64FAF583-7900-44F0-8450-B0B15CE21677}
	EndGlobalSection
EndGlobal
